
Microsoft Visual Studio Solution File, Format Version 12.00
# Visual Studio Version 17
VisualStudioVersion = 17.7.34024.191
MinimumVisualStudioVersion = 10.0.40219.1
Project("{FAE04EC0-301F-11D3-BF4B-00C04F79EFBC}") = "02.Problem", "02.Problem\02.Problem.csproj", "{38DB5AD7-A39E-47AC-AFF1-FF474B17F126}"
EndProject
Global
	GlobalSection(SolutionConfigurationPlatforms) = preSolution
		Debug|Any CPU = Debug|Any CPU
		Release|Any CPU = Release|Any CPU
	EndGlobalSection
	GlobalSection(ProjectConfigurationPlatforms) = postSolution
		{38DB5AD7-A39E-47AC-AFF1-FF474B17F126}.Debug|Any CPU.ActiveCfg = Debug|Any CPU
		{38DB5AD7-A39E-47AC-AFF1-FF474B17F126}.Debug|Any CPU.Build.0 = Debug|Any CPU
		{38DB5AD7-A39E-47AC-AFF1-FF474B17F126}.Release|Any CPU.ActiveCfg = Release|Any CPU
		{38DB5AD7-A39E-47AC-AFF1-FF474B17F126}.Release|Any CPU.Build.0 = Release|Any CPU
	EndGlobalSection
	GlobalSection(SolutionProperties) = preSolution
		HideSolutionNode = FALSE
	EndGlobalSection
	GlobalSection(ExtensibilityGlobals) = postSolution
		SolutionGuid = {59CA602C-CB89-44E1-B79E-10AB4E23CEC5}
	EndGlobalSection
EndGlobal
