
Microsoft Visual Studio Solution File, Format Version 12.00
# Visual Studio Version 17
VisualStudioVersion = 17.7.34024.191
MinimumVisualStudioVersion = 10.0.40219.1
Project("{9A19103F-16F7-4668-BE54-9A1E7A4F7556}") = "14 - Execise Defining ClassesVol2", "14 - Execise Defining ClassesVol2\14 - Execise Defining ClassesVol2.csproj", "{2D325B8B-B5D0-4D5B-9DB0-EA187E73EBC5}"
EndProject
Project("{2150E333-8FDC-42A3-9474-1A3956D46DE8}") = "Lab", "Lab", "{D3179F43-FC42-4D86-9696-3764E3B1EDA1}"
EndProject
Project("{9A19103F-16F7-4668-BE54-9A1E7A4F7556}") = "01.Car", "01.Car\01.Car.csproj", "{84F2DA99-82FA-4103-9DDC-8A0F1FABA221}"
EndProject
Project("{9A19103F-16F7-4668-BE54-9A1E7A4F7556}") = "02.CarExtension", "02.CarExtension\02.CarExtension.csproj", "{7D915C60-A630-491C-9455-592EF3290320}"
EndProject
Project("{9A19103F-16F7-4668-BE54-9A1E7A4F7556}") = "03.CarConstructor", "03.CarConstructor\03.CarConstructor.csproj", "{EBFF8162-DC2A-4D6E-B686-499A740F6AB0}"
EndProject
Project("{9A19103F-16F7-4668-BE54-9A1E7A4F7556}") = "04.CarEngineAndTires", "04.CarEngineAndTires\04.CarEngineAndTires.csproj", "{8D624904-653B-42DA-946E-304E5845E32A}"
EndProject
Project("{9A19103F-16F7-4668-BE54-9A1E7A4F7556}") = "05.SpecialCars", "05.SpecialCars\05.SpecialCars.csproj", "{6E06B3D0-EB15-4BC3-9DBC-D3ABC608D818}"
EndProject
Project("{2150E333-8FDC-42A3-9474-1A3956D46DE8}") = "Exercise", "Exercise", "{E24EDF53-989E-4970-A741-31C0837565DA}"
EndProject
Project("{9A19103F-16F7-4668-BE54-9A1E7A4F7556}") = "01.DefineAClassPerson", "01.DefineAClassPerson\01.DefineAClassPerson.csproj", "{42E5039B-6024-4F93-80CB-D29B3ED967EE}"
EndProject
Project("{FAE04EC0-301F-11D3-BF4B-00C04F79EFBC}") = "02.CreatingConstructors", "02.CreatingConstructors\02.CreatingConstructors.csproj", "{E21A4E46-E058-49DF-956E-83806E72EF8D}"
EndProject
Project("{FAE04EC0-301F-11D3-BF4B-00C04F79EFBC}") = "03.OldestFamilyMember", "03.OldestFamilyMember\03.OldestFamilyMember.csproj", "{E30C1A5B-5505-4A58-94A9-B119727B97FC}"
EndProject
Project("{FAE04EC0-301F-11D3-BF4B-00C04F79EFBC}") = "04.OpinionPoll", "04.OpinionPoll\04.OpinionPoll.csproj", "{7EA27BD5-350D-4196-BB3C-3FBB87D91208}"
EndProject
Project("{FAE04EC0-301F-11D3-BF4B-00C04F79EFBC}") = "06.SpeedRacing", "06.SpeedRacing\06.SpeedRacing.csproj", "{26835CED-2699-4F1A-9293-9580B78E6483}"
EndProject
Global
	GlobalSection(SolutionConfigurationPlatforms) = preSolution
		Debug|Any CPU = Debug|Any CPU
		Release|Any CPU = Release|Any CPU
	EndGlobalSection
	GlobalSection(ProjectConfigurationPlatforms) = postSolution
		{2D325B8B-B5D0-4D5B-9DB0-EA187E73EBC5}.Debug|Any CPU.ActiveCfg = Debug|Any CPU
		{2D325B8B-B5D0-4D5B-9DB0-EA187E73EBC5}.Debug|Any CPU.Build.0 = Debug|Any CPU
		{2D325B8B-B5D0-4D5B-9DB0-EA187E73EBC5}.Release|Any CPU.ActiveCfg = Release|Any CPU
		{2D325B8B-B5D0-4D5B-9DB0-EA187E73EBC5}.Release|Any CPU.Build.0 = Release|Any CPU
		{84F2DA99-82FA-4103-9DDC-8A0F1FABA221}.Debug|Any CPU.ActiveCfg = Debug|Any CPU
		{84F2DA99-82FA-4103-9DDC-8A0F1FABA221}.Debug|Any CPU.Build.0 = Debug|Any CPU
		{84F2DA99-82FA-4103-9DDC-8A0F1FABA221}.Release|Any CPU.ActiveCfg = Release|Any CPU
		{84F2DA99-82FA-4103-9DDC-8A0F1FABA221}.Release|Any CPU.Build.0 = Release|Any CPU
		{7D915C60-A630-491C-9455-592EF3290320}.Debug|Any CPU.ActiveCfg = Debug|Any CPU
		{7D915C60-A630-491C-9455-592EF3290320}.Debug|Any CPU.Build.0 = Debug|Any CPU
		{7D915C60-A630-491C-9455-592EF3290320}.Release|Any CPU.ActiveCfg = Release|Any CPU
		{7D915C60-A630-491C-9455-592EF3290320}.Release|Any CPU.Build.0 = Release|Any CPU
		{EBFF8162-DC2A-4D6E-B686-499A740F6AB0}.Debug|Any CPU.ActiveCfg = Debug|Any CPU
		{EBFF8162-DC2A-4D6E-B686-499A740F6AB0}.Debug|Any CPU.Build.0 = Debug|Any CPU
		{EBFF8162-DC2A-4D6E-B686-499A740F6AB0}.Release|Any CPU.ActiveCfg = Release|Any CPU
		{EBFF8162-DC2A-4D6E-B686-499A740F6AB0}.Release|Any CPU.Build.0 = Release|Any CPU
		{8D624904-653B-42DA-946E-304E5845E32A}.Debug|Any CPU.ActiveCfg = Debug|Any CPU
		{8D624904-653B-42DA-946E-304E5845E32A}.Debug|Any CPU.Build.0 = Debug|Any CPU
		{8D624904-653B-42DA-946E-304E5845E32A}.Release|Any CPU.ActiveCfg = Release|Any CPU
		{8D624904-653B-42DA-946E-304E5845E32A}.Release|Any CPU.Build.0 = Release|Any CPU
		{6E06B3D0-EB15-4BC3-9DBC-D3ABC608D818}.Debug|Any CPU.ActiveCfg = Debug|Any CPU
		{6E06B3D0-EB15-4BC3-9DBC-D3ABC608D818}.Debug|Any CPU.Build.0 = Debug|Any CPU
		{6E06B3D0-EB15-4BC3-9DBC-D3ABC608D818}.Release|Any CPU.ActiveCfg = Release|Any CPU
		{6E06B3D0-EB15-4BC3-9DBC-D3ABC608D818}.Release|Any CPU.Build.0 = Release|Any CPU
		{42E5039B-6024-4F93-80CB-D29B3ED967EE}.Debug|Any CPU.ActiveCfg = Debug|Any CPU
		{42E5039B-6024-4F93-80CB-D29B3ED967EE}.Debug|Any CPU.Build.0 = Debug|Any CPU
		{42E5039B-6024-4F93-80CB-D29B3ED967EE}.Release|Any CPU.ActiveCfg = Release|Any CPU
		{42E5039B-6024-4F93-80CB-D29B3ED967EE}.Release|Any CPU.Build.0 = Release|Any CPU
		{E21A4E46-E058-49DF-956E-83806E72EF8D}.Debug|Any CPU.ActiveCfg = Debug|Any CPU
		{E21A4E46-E058-49DF-956E-83806E72EF8D}.Debug|Any CPU.Build.0 = Debug|Any CPU
		{E21A4E46-E058-49DF-956E-83806E72EF8D}.Release|Any CPU.ActiveCfg = Release|Any CPU
		{E21A4E46-E058-49DF-956E-83806E72EF8D}.Release|Any CPU.Build.0 = Release|Any CPU
		{E30C1A5B-5505-4A58-94A9-B119727B97FC}.Debug|Any CPU.ActiveCfg = Debug|Any CPU
		{E30C1A5B-5505-4A58-94A9-B119727B97FC}.Debug|Any CPU.Build.0 = Debug|Any CPU
		{E30C1A5B-5505-4A58-94A9-B119727B97FC}.Release|Any CPU.ActiveCfg = Release|Any CPU
		{E30C1A5B-5505-4A58-94A9-B119727B97FC}.Release|Any CPU.Build.0 = Release|Any CPU
		{7EA27BD5-350D-4196-BB3C-3FBB87D91208}.Debug|Any CPU.ActiveCfg = Debug|Any CPU
		{7EA27BD5-350D-4196-BB3C-3FBB87D91208}.Debug|Any CPU.Build.0 = Debug|Any CPU
		{7EA27BD5-350D-4196-BB3C-3FBB87D91208}.Release|Any CPU.ActiveCfg = Release|Any CPU
		{7EA27BD5-350D-4196-BB3C-3FBB87D91208}.Release|Any CPU.Build.0 = Release|Any CPU
		{26835CED-2699-4F1A-9293-9580B78E6483}.Debug|Any CPU.ActiveCfg = Debug|Any CPU
		{26835CED-2699-4F1A-9293-9580B78E6483}.Debug|Any CPU.Build.0 = Debug|Any CPU
		{26835CED-2699-4F1A-9293-9580B78E6483}.Release|Any CPU.ActiveCfg = Release|Any CPU
		{26835CED-2699-4F1A-9293-9580B78E6483}.Release|Any CPU.Build.0 = Release|Any CPU
	EndGlobalSection
	GlobalSection(SolutionProperties) = preSolution
		HideSolutionNode = FALSE
	EndGlobalSection
	GlobalSection(NestedProjects) = preSolution
		{84F2DA99-82FA-4103-9DDC-8A0F1FABA221} = {D3179F43-FC42-4D86-9696-3764E3B1EDA1}
		{7D915C60-A630-491C-9455-592EF3290320} = {D3179F43-FC42-4D86-9696-3764E3B1EDA1}
		{EBFF8162-DC2A-4D6E-B686-499A740F6AB0} = {D3179F43-FC42-4D86-9696-3764E3B1EDA1}
		{8D624904-653B-42DA-946E-304E5845E32A} = {D3179F43-FC42-4D86-9696-3764E3B1EDA1}
		{6E06B3D0-EB15-4BC3-9DBC-D3ABC608D818} = {D3179F43-FC42-4D86-9696-3764E3B1EDA1}
		{42E5039B-6024-4F93-80CB-D29B3ED967EE} = {E24EDF53-989E-4970-A741-31C0837565DA}
		{E21A4E46-E058-49DF-956E-83806E72EF8D} = {E24EDF53-989E-4970-A741-31C0837565DA}
		{E30C1A5B-5505-4A58-94A9-B119727B97FC} = {E24EDF53-989E-4970-A741-31C0837565DA}
		{7EA27BD5-350D-4196-BB3C-3FBB87D91208} = {E24EDF53-989E-4970-A741-31C0837565DA}
		{26835CED-2699-4F1A-9293-9580B78E6483} = {E24EDF53-989E-4970-A741-31C0837565DA}
	EndGlobalSection
	GlobalSection(ExtensibilityGlobals) = postSolution
		SolutionGuid = {A552E7D4-2B2F-44E5-9C5D-09D7FFFCFD03}
	EndGlobalSection
EndGlobal
