
Microsoft Visual Studio Solution File, Format Version 12.00
# Visual Studio Version 17
VisualStudioVersion = 17.7.34024.191
MinimumVisualStudioVersion = 10.0.40219.1
Project("{FAE04EC0-301F-11D3-BF4B-00C04F79EFBC}") = "18 - Exercise Generics vol2", "18 - Exercise Generics vol2\18 - Exercise Generics vol2.csproj", "{DCF9D1B7-05E5-4A43-A86F-1FA328529CD6}"
EndProject
Project("{2150E333-8FDC-42A3-9474-1A3956D46DE8}") = "Exercise", "Exercise", "{AC613A22-092C-47C9-AA2F-EA4EBA0C2477}"
EndProject
Project("{FAE04EC0-301F-11D3-BF4B-00C04F79EFBC}") = "01.GenericBoxOfString", "01.GenericBoxOfString\01.GenericBoxOfString.csproj", "{BB13CEB0-BA09-4306-AC64-FEE521BD6E60}"
EndProject
Global
	GlobalSection(SolutionConfigurationPlatforms) = preSolution
		Debug|Any CPU = Debug|Any CPU
		Release|Any CPU = Release|Any CPU
	EndGlobalSection
	GlobalSection(ProjectConfigurationPlatforms) = postSolution
		{DCF9D1B7-05E5-4A43-A86F-1FA328529CD6}.Debug|Any CPU.ActiveCfg = Debug|Any CPU
		{DCF9D1B7-05E5-4A43-A86F-1FA328529CD6}.Debug|Any CPU.Build.0 = Debug|Any CPU
		{DCF9D1B7-05E5-4A43-A86F-1FA328529CD6}.Release|Any CPU.ActiveCfg = Release|Any CPU
		{DCF9D1B7-05E5-4A43-A86F-1FA328529CD6}.Release|Any CPU.Build.0 = Release|Any CPU
		{BB13CEB0-BA09-4306-AC64-FEE521BD6E60}.Debug|Any CPU.ActiveCfg = Debug|Any CPU
		{BB13CEB0-BA09-4306-AC64-FEE521BD6E60}.Debug|Any CPU.Build.0 = Debug|Any CPU
		{BB13CEB0-BA09-4306-AC64-FEE521BD6E60}.Release|Any CPU.ActiveCfg = Release|Any CPU
		{BB13CEB0-BA09-4306-AC64-FEE521BD6E60}.Release|Any CPU.Build.0 = Release|Any CPU
	EndGlobalSection
	GlobalSection(SolutionProperties) = preSolution
		HideSolutionNode = FALSE
	EndGlobalSection
	GlobalSection(NestedProjects) = preSolution
		{BB13CEB0-BA09-4306-AC64-FEE521BD6E60} = {AC613A22-092C-47C9-AA2F-EA4EBA0C2477}
	EndGlobalSection
	GlobalSection(ExtensibilityGlobals) = postSolution
		SolutionGuid = {B5E2C38A-B64D-4703-A254-26F37282399D}
	EndGlobalSection
EndGlobal
