
Microsoft Visual Studio Solution File, Format Version 12.00
# Visual Studio Version 17
VisualStudioVersion = 17.7.34024.191
MinimumVisualStudioVersion = 10.0.40219.1
Project("{9A19103F-16F7-4668-BE54-9A1E7A4F7556}") = "14 - Exercise Defining ClassesVol3", "14 - Exercise Defining ClassesVol3\14 - Exercise Defining ClassesVol3.csproj", "{407A12DB-27AC-43C9-88DD-201202245465}"
EndProject
Project("{2150E333-8FDC-42A3-9474-1A3956D46DE8}") = "Lab", "Lab", "{E9920267-EBBE-4F03-9C18-13A96F6991B9}"
EndProject
Project("{2150E333-8FDC-42A3-9474-1A3956D46DE8}") = "Exercise", "Exercise", "{43A84E13-444F-48BE-8267-698839BAA26B}"
EndProject
Project("{9A19103F-16F7-4668-BE54-9A1E7A4F7556}") = "01.Car", "01.Car\01.Car.csproj", "{A4F57BB2-8CD4-4B83-944A-E8DA283DE474}"
EndProject
Project("{9A19103F-16F7-4668-BE54-9A1E7A4F7556}") = "02.CarExtension", "02.CarExtension\02.CarExtension.csproj", "{11B3BF1E-9D20-4301-80FA-5DEDA184896A}"
EndProject
Project("{9A19103F-16F7-4668-BE54-9A1E7A4F7556}") = "03.CarConstructors", "03.CarConstructors\03.CarConstructors.csproj", "{52709E83-C787-4BAC-A068-84AFDBCE0A33}"
EndProject
Project("{9A19103F-16F7-4668-BE54-9A1E7A4F7556}") = "04.CarEngineAndTires", "04.CarEngineAndTires\04.CarEngineAndTires.csproj", "{7D111EA5-5EA4-47F3-B275-8ECF9B50A198}"
EndProject
Project("{9A19103F-16F7-4668-BE54-9A1E7A4F7556}") = "05.SpecialCars", "05.SpecialCars\05.SpecialCars.csproj", "{E228DEA3-C281-483F-85FE-A97CA5797093}"
EndProject
Project("{9A19103F-16F7-4668-BE54-9A1E7A4F7556}") = "01.DefineaClassPerson", "01.DefineaClassPerson\01.DefineaClassPerson.csproj", "{A556F9B9-D01D-4DE5-AA12-19A7687B66D9}"
EndProject
Project("{9A19103F-16F7-4668-BE54-9A1E7A4F7556}") = "02.CreatingConstructors", "02.CreatingConstructors\02.CreatingConstructors.csproj", "{0E9594E5-AFA1-4A58-8AC5-39F38519AECF}"
EndProject
Project("{FAE04EC0-301F-11D3-BF4B-00C04F79EFBC}") = "03.OldestFamilyMember", "03.OldestFamilyMember\03.OldestFamilyMember.csproj", "{E4753E23-E0E1-45AC-BA5C-2B2E30135D46}"
EndProject
Project("{FAE04EC0-301F-11D3-BF4B-00C04F79EFBC}") = "04.OpinionPoll", "04.OpinionPoll\04.OpinionPoll.csproj", "{FF7F302A-E1FA-4AC4-A4F0-70539ECFEC75}"
EndProject
Project("{FAE04EC0-301F-11D3-BF4B-00C04F79EFBC}") = "06.SpeedRacing", "06.SpeedRacing\06.SpeedRacing.csproj", "{324BC9C0-47F9-479B-8899-798C91762219}"
EndProject
Project("{FAE04EC0-301F-11D3-BF4B-00C04F79EFBC}") = "07.RawData", "07.RawData\07.RawData.csproj", "{BCC59F16-583E-49CB-AEEB-6BE7920255E7}"
EndProject
Project("{FAE04EC0-301F-11D3-BF4B-00C04F79EFBC}") = "08.CarSalesman", "08.CarSalesman\08.CarSalesman.csproj", "{57D3580F-6A8D-46A0-9016-CD8B1A382CA1}"
EndProject
Global
	GlobalSection(SolutionConfigurationPlatforms) = preSolution
		Debug|Any CPU = Debug|Any CPU
		Release|Any CPU = Release|Any CPU
	EndGlobalSection
	GlobalSection(ProjectConfigurationPlatforms) = postSolution
		{407A12DB-27AC-43C9-88DD-201202245465}.Debug|Any CPU.ActiveCfg = Debug|Any CPU
		{407A12DB-27AC-43C9-88DD-201202245465}.Debug|Any CPU.Build.0 = Debug|Any CPU
		{407A12DB-27AC-43C9-88DD-201202245465}.Release|Any CPU.ActiveCfg = Release|Any CPU
		{407A12DB-27AC-43C9-88DD-201202245465}.Release|Any CPU.Build.0 = Release|Any CPU
		{A4F57BB2-8CD4-4B83-944A-E8DA283DE474}.Debug|Any CPU.ActiveCfg = Debug|Any CPU
		{A4F57BB2-8CD4-4B83-944A-E8DA283DE474}.Debug|Any CPU.Build.0 = Debug|Any CPU
		{A4F57BB2-8CD4-4B83-944A-E8DA283DE474}.Release|Any CPU.ActiveCfg = Release|Any CPU
		{A4F57BB2-8CD4-4B83-944A-E8DA283DE474}.Release|Any CPU.Build.0 = Release|Any CPU
		{11B3BF1E-9D20-4301-80FA-5DEDA184896A}.Debug|Any CPU.ActiveCfg = Debug|Any CPU
		{11B3BF1E-9D20-4301-80FA-5DEDA184896A}.Debug|Any CPU.Build.0 = Debug|Any CPU
		{11B3BF1E-9D20-4301-80FA-5DEDA184896A}.Release|Any CPU.ActiveCfg = Release|Any CPU
		{11B3BF1E-9D20-4301-80FA-5DEDA184896A}.Release|Any CPU.Build.0 = Release|Any CPU
		{52709E83-C787-4BAC-A068-84AFDBCE0A33}.Debug|Any CPU.ActiveCfg = Debug|Any CPU
		{52709E83-C787-4BAC-A068-84AFDBCE0A33}.Debug|Any CPU.Build.0 = Debug|Any CPU
		{52709E83-C787-4BAC-A068-84AFDBCE0A33}.Release|Any CPU.ActiveCfg = Release|Any CPU
		{52709E83-C787-4BAC-A068-84AFDBCE0A33}.Release|Any CPU.Build.0 = Release|Any CPU
		{7D111EA5-5EA4-47F3-B275-8ECF9B50A198}.Debug|Any CPU.ActiveCfg = Debug|Any CPU
		{7D111EA5-5EA4-47F3-B275-8ECF9B50A198}.Debug|Any CPU.Build.0 = Debug|Any CPU
		{7D111EA5-5EA4-47F3-B275-8ECF9B50A198}.Release|Any CPU.ActiveCfg = Release|Any CPU
		{7D111EA5-5EA4-47F3-B275-8ECF9B50A198}.Release|Any CPU.Build.0 = Release|Any CPU
		{E228DEA3-C281-483F-85FE-A97CA5797093}.Debug|Any CPU.ActiveCfg = Debug|Any CPU
		{E228DEA3-C281-483F-85FE-A97CA5797093}.Debug|Any CPU.Build.0 = Debug|Any CPU
		{E228DEA3-C281-483F-85FE-A97CA5797093}.Release|Any CPU.ActiveCfg = Release|Any CPU
		{E228DEA3-C281-483F-85FE-A97CA5797093}.Release|Any CPU.Build.0 = Release|Any CPU
		{A556F9B9-D01D-4DE5-AA12-19A7687B66D9}.Debug|Any CPU.ActiveCfg = Debug|Any CPU
		{A556F9B9-D01D-4DE5-AA12-19A7687B66D9}.Debug|Any CPU.Build.0 = Debug|Any CPU
		{A556F9B9-D01D-4DE5-AA12-19A7687B66D9}.Release|Any CPU.ActiveCfg = Release|Any CPU
		{A556F9B9-D01D-4DE5-AA12-19A7687B66D9}.Release|Any CPU.Build.0 = Release|Any CPU
		{0E9594E5-AFA1-4A58-8AC5-39F38519AECF}.Debug|Any CPU.ActiveCfg = Debug|Any CPU
		{0E9594E5-AFA1-4A58-8AC5-39F38519AECF}.Debug|Any CPU.Build.0 = Debug|Any CPU
		{0E9594E5-AFA1-4A58-8AC5-39F38519AECF}.Release|Any CPU.ActiveCfg = Release|Any CPU
		{0E9594E5-AFA1-4A58-8AC5-39F38519AECF}.Release|Any CPU.Build.0 = Release|Any CPU
		{E4753E23-E0E1-45AC-BA5C-2B2E30135D46}.Debug|Any CPU.ActiveCfg = Debug|Any CPU
		{E4753E23-E0E1-45AC-BA5C-2B2E30135D46}.Debug|Any CPU.Build.0 = Debug|Any CPU
		{E4753E23-E0E1-45AC-BA5C-2B2E30135D46}.Release|Any CPU.ActiveCfg = Release|Any CPU
		{E4753E23-E0E1-45AC-BA5C-2B2E30135D46}.Release|Any CPU.Build.0 = Release|Any CPU
		{FF7F302A-E1FA-4AC4-A4F0-70539ECFEC75}.Debug|Any CPU.ActiveCfg = Debug|Any CPU
		{FF7F302A-E1FA-4AC4-A4F0-70539ECFEC75}.Debug|Any CPU.Build.0 = Debug|Any CPU
		{FF7F302A-E1FA-4AC4-A4F0-70539ECFEC75}.Release|Any CPU.ActiveCfg = Release|Any CPU
		{FF7F302A-E1FA-4AC4-A4F0-70539ECFEC75}.Release|Any CPU.Build.0 = Release|Any CPU
		{324BC9C0-47F9-479B-8899-798C91762219}.Debug|Any CPU.ActiveCfg = Debug|Any CPU
		{324BC9C0-47F9-479B-8899-798C91762219}.Debug|Any CPU.Build.0 = Debug|Any CPU
		{324BC9C0-47F9-479B-8899-798C91762219}.Release|Any CPU.ActiveCfg = Release|Any CPU
		{324BC9C0-47F9-479B-8899-798C91762219}.Release|Any CPU.Build.0 = Release|Any CPU
		{BCC59F16-583E-49CB-AEEB-6BE7920255E7}.Debug|Any CPU.ActiveCfg = Debug|Any CPU
		{BCC59F16-583E-49CB-AEEB-6BE7920255E7}.Debug|Any CPU.Build.0 = Debug|Any CPU
		{BCC59F16-583E-49CB-AEEB-6BE7920255E7}.Release|Any CPU.ActiveCfg = Release|Any CPU
		{BCC59F16-583E-49CB-AEEB-6BE7920255E7}.Release|Any CPU.Build.0 = Release|Any CPU
		{57D3580F-6A8D-46A0-9016-CD8B1A382CA1}.Debug|Any CPU.ActiveCfg = Debug|Any CPU
		{57D3580F-6A8D-46A0-9016-CD8B1A382CA1}.Debug|Any CPU.Build.0 = Debug|Any CPU
		{57D3580F-6A8D-46A0-9016-CD8B1A382CA1}.Release|Any CPU.ActiveCfg = Release|Any CPU
		{57D3580F-6A8D-46A0-9016-CD8B1A382CA1}.Release|Any CPU.Build.0 = Release|Any CPU
	EndGlobalSection
	GlobalSection(SolutionProperties) = preSolution
		HideSolutionNode = FALSE
	EndGlobalSection
	GlobalSection(NestedProjects) = preSolution
		{A4F57BB2-8CD4-4B83-944A-E8DA283DE474} = {E9920267-EBBE-4F03-9C18-13A96F6991B9}
		{11B3BF1E-9D20-4301-80FA-5DEDA184896A} = {E9920267-EBBE-4F03-9C18-13A96F6991B9}
		{52709E83-C787-4BAC-A068-84AFDBCE0A33} = {E9920267-EBBE-4F03-9C18-13A96F6991B9}
		{7D111EA5-5EA4-47F3-B275-8ECF9B50A198} = {E9920267-EBBE-4F03-9C18-13A96F6991B9}
		{E228DEA3-C281-483F-85FE-A97CA5797093} = {E9920267-EBBE-4F03-9C18-13A96F6991B9}
		{A556F9B9-D01D-4DE5-AA12-19A7687B66D9} = {43A84E13-444F-48BE-8267-698839BAA26B}
		{0E9594E5-AFA1-4A58-8AC5-39F38519AECF} = {43A84E13-444F-48BE-8267-698839BAA26B}
		{E4753E23-E0E1-45AC-BA5C-2B2E30135D46} = {43A84E13-444F-48BE-8267-698839BAA26B}
		{FF7F302A-E1FA-4AC4-A4F0-70539ECFEC75} = {43A84E13-444F-48BE-8267-698839BAA26B}
		{324BC9C0-47F9-479B-8899-798C91762219} = {43A84E13-444F-48BE-8267-698839BAA26B}
		{BCC59F16-583E-49CB-AEEB-6BE7920255E7} = {43A84E13-444F-48BE-8267-698839BAA26B}
		{57D3580F-6A8D-46A0-9016-CD8B1A382CA1} = {43A84E13-444F-48BE-8267-698839BAA26B}
	EndGlobalSection
	GlobalSection(ExtensibilityGlobals) = postSolution
		SolutionGuid = {AE4E2159-641B-4EC9-A366-14481DBD7E6D}
	EndGlobalSection
EndGlobal
