
Microsoft Visual Studio Solution File, Format Version 12.00
# Visual Studio Version 17
VisualStudioVersion = 17.7.34024.191
MinimumVisualStudioVersion = 10.0.40219.1
Project("{9A19103F-16F7-4668-BE54-9A1E7A4F7556}") = "Exercise - Stacks And Queues", "Exercise - Stacks And Queues\Exercise - Stacks And Queues.csproj", "{376343A2-B15E-465F-8375-EDB16B820630}"
EndProject
Project("{2150E333-8FDC-42A3-9474-1A3956D46DE8}") = "Lab", "Lab", "{8F3FD8B0-F71A-4245-B594-446642A8AA6E}"
EndProject
Project("{9A19103F-16F7-4668-BE54-9A1E7A4F7556}") = "01. Reverse A String", "1. Reverse A String\01. Reverse A String.csproj", "{D1EA0748-D2F0-4943-B7C2-F08CFC9C443D}"
EndProject
Project("{9A19103F-16F7-4668-BE54-9A1E7A4F7556}") = "02.Stack Sum", "2.Stack Sum\02.Stack Sum.csproj", "{B14EA065-DC29-43D5-B1E8-78FB57580B09}"
EndProject
Project("{9A19103F-16F7-4668-BE54-9A1E7A4F7556}") = "03. Simple Calculator", "3. Simple Calculator\03. Simple Calculator.csproj", "{F8DB0D4C-1689-432B-A08A-9E925484F797}"
EndProject
Project("{9A19103F-16F7-4668-BE54-9A1E7A4F7556}") = "04. Matching Brackets", "04.Matching Brackets\04. Matching Brackets.csproj", "{56877C23-FA1A-4F0F-A06D-83BC002CF70D}"
EndProject
Project("{9A19103F-16F7-4668-BE54-9A1E7A4F7556}") = "05. Print Even Numbers", "5. Print Even Numbers\05. Print Even Numbers.csproj", "{D1015CBB-B090-418E-B677-9F7096431472}"
EndProject
Project("{9A19103F-16F7-4668-BE54-9A1E7A4F7556}") = "06. Supermarket", "6. Supermarket\06. Supermarket.csproj", "{E44F76F9-63E8-4E5B-AAA3-FA7924C5878B}"
EndProject
Project("{9A19103F-16F7-4668-BE54-9A1E7A4F7556}") = "07. Hot Potato", "7. Hot Potato\07. Hot Potato.csproj", "{4E1151DC-229F-4C1B-A421-2AB45CD9D61B}"
EndProject
Project("{9A19103F-16F7-4668-BE54-9A1E7A4F7556}") = "08. Traffic Jam", "08. Traffic Jam\08. Traffic Jam.csproj", "{445EE253-1AF8-4D45-B125-332ADA13F2B4}"
EndProject
Project("{2150E333-8FDC-42A3-9474-1A3956D46DE8}") = "Exercise", "Exercise", "{3E1F9EFF-7E75-47EE-A54E-66A46446D760}"
EndProject
Project("{9A19103F-16F7-4668-BE54-9A1E7A4F7556}") = "01. Basic Stack Operations", "01. Basic Stack Operations\01. Basic Stack Operations.csproj", "{9A8430FE-D3F1-4D7A-B8B2-E5B438D93CFD}"
EndProject
Project("{9A19103F-16F7-4668-BE54-9A1E7A4F7556}") = "02. Basic Queue Operations", "02. Basic Queue Operations\02. Basic Queue Operations.csproj", "{694A035E-0226-4639-A2E2-34BB6A138BE5}"
EndProject
Project("{9A19103F-16F7-4668-BE54-9A1E7A4F7556}") = "03. Maximum and Minimum Element", "03. Maximum and Minimum Element\03. Maximum and Minimum Element.csproj", "{DDD534BB-0AED-4E7E-B09A-187573C568A5}"
EndProject
Project("{9A19103F-16F7-4668-BE54-9A1E7A4F7556}") = "04. Fast Food", "04. Fast Food\04. Fast Food.csproj", "{7E8D8380-BF2E-4C3F-9A35-2B6363CEACEC}"
EndProject
Project("{FAE04EC0-301F-11D3-BF4B-00C04F79EFBC}") = "05. Fashion Boutique", "05. Fashion Boutique\05. Fashion Boutique.csproj", "{65FC4319-8FBF-456B-AAC1-FD65B8D562A4}"
EndProject
Project("{FAE04EC0-301F-11D3-BF4B-00C04F79EFBC}") = "06. Songs Queue", "06. Songs Queue\06. Songs Queue.csproj", "{D3E72090-BBE2-4BD1-8E28-DA9C46FFF866}"
EndProject
Project("{FAE04EC0-301F-11D3-BF4B-00C04F79EFBC}") = "07. Truck Tour", "07. Truck Tour\07. Truck Tour.csproj", "{674E0262-8F35-4FF1-B80F-EDB46DCFB251}"
EndProject
Global
	GlobalSection(SolutionConfigurationPlatforms) = preSolution
		Debug|Any CPU = Debug|Any CPU
		Release|Any CPU = Release|Any CPU
	EndGlobalSection
	GlobalSection(ProjectConfigurationPlatforms) = postSolution
		{376343A2-B15E-465F-8375-EDB16B820630}.Debug|Any CPU.ActiveCfg = Debug|Any CPU
		{376343A2-B15E-465F-8375-EDB16B820630}.Debug|Any CPU.Build.0 = Debug|Any CPU
		{376343A2-B15E-465F-8375-EDB16B820630}.Release|Any CPU.ActiveCfg = Release|Any CPU
		{376343A2-B15E-465F-8375-EDB16B820630}.Release|Any CPU.Build.0 = Release|Any CPU
		{D1EA0748-D2F0-4943-B7C2-F08CFC9C443D}.Debug|Any CPU.ActiveCfg = Debug|Any CPU
		{D1EA0748-D2F0-4943-B7C2-F08CFC9C443D}.Debug|Any CPU.Build.0 = Debug|Any CPU
		{D1EA0748-D2F0-4943-B7C2-F08CFC9C443D}.Release|Any CPU.ActiveCfg = Release|Any CPU
		{D1EA0748-D2F0-4943-B7C2-F08CFC9C443D}.Release|Any CPU.Build.0 = Release|Any CPU
		{B14EA065-DC29-43D5-B1E8-78FB57580B09}.Debug|Any CPU.ActiveCfg = Debug|Any CPU
		{B14EA065-DC29-43D5-B1E8-78FB57580B09}.Debug|Any CPU.Build.0 = Debug|Any CPU
		{B14EA065-DC29-43D5-B1E8-78FB57580B09}.Release|Any CPU.ActiveCfg = Release|Any CPU
		{B14EA065-DC29-43D5-B1E8-78FB57580B09}.Release|Any CPU.Build.0 = Release|Any CPU
		{F8DB0D4C-1689-432B-A08A-9E925484F797}.Debug|Any CPU.ActiveCfg = Debug|Any CPU
		{F8DB0D4C-1689-432B-A08A-9E925484F797}.Debug|Any CPU.Build.0 = Debug|Any CPU
		{F8DB0D4C-1689-432B-A08A-9E925484F797}.Release|Any CPU.ActiveCfg = Release|Any CPU
		{F8DB0D4C-1689-432B-A08A-9E925484F797}.Release|Any CPU.Build.0 = Release|Any CPU
		{56877C23-FA1A-4F0F-A06D-83BC002CF70D}.Debug|Any CPU.ActiveCfg = Debug|Any CPU
		{56877C23-FA1A-4F0F-A06D-83BC002CF70D}.Debug|Any CPU.Build.0 = Debug|Any CPU
		{56877C23-FA1A-4F0F-A06D-83BC002CF70D}.Release|Any CPU.ActiveCfg = Release|Any CPU
		{56877C23-FA1A-4F0F-A06D-83BC002CF70D}.Release|Any CPU.Build.0 = Release|Any CPU
		{D1015CBB-B090-418E-B677-9F7096431472}.Debug|Any CPU.ActiveCfg = Debug|Any CPU
		{D1015CBB-B090-418E-B677-9F7096431472}.Debug|Any CPU.Build.0 = Debug|Any CPU
		{D1015CBB-B090-418E-B677-9F7096431472}.Release|Any CPU.ActiveCfg = Release|Any CPU
		{D1015CBB-B090-418E-B677-9F7096431472}.Release|Any CPU.Build.0 = Release|Any CPU
		{E44F76F9-63E8-4E5B-AAA3-FA7924C5878B}.Debug|Any CPU.ActiveCfg = Debug|Any CPU
		{E44F76F9-63E8-4E5B-AAA3-FA7924C5878B}.Debug|Any CPU.Build.0 = Debug|Any CPU
		{E44F76F9-63E8-4E5B-AAA3-FA7924C5878B}.Release|Any CPU.ActiveCfg = Release|Any CPU
		{E44F76F9-63E8-4E5B-AAA3-FA7924C5878B}.Release|Any CPU.Build.0 = Release|Any CPU
		{4E1151DC-229F-4C1B-A421-2AB45CD9D61B}.Debug|Any CPU.ActiveCfg = Debug|Any CPU
		{4E1151DC-229F-4C1B-A421-2AB45CD9D61B}.Debug|Any CPU.Build.0 = Debug|Any CPU
		{4E1151DC-229F-4C1B-A421-2AB45CD9D61B}.Release|Any CPU.ActiveCfg = Release|Any CPU
		{4E1151DC-229F-4C1B-A421-2AB45CD9D61B}.Release|Any CPU.Build.0 = Release|Any CPU
		{445EE253-1AF8-4D45-B125-332ADA13F2B4}.Debug|Any CPU.ActiveCfg = Debug|Any CPU
		{445EE253-1AF8-4D45-B125-332ADA13F2B4}.Debug|Any CPU.Build.0 = Debug|Any CPU
		{445EE253-1AF8-4D45-B125-332ADA13F2B4}.Release|Any CPU.ActiveCfg = Release|Any CPU
		{445EE253-1AF8-4D45-B125-332ADA13F2B4}.Release|Any CPU.Build.0 = Release|Any CPU
		{9A8430FE-D3F1-4D7A-B8B2-E5B438D93CFD}.Debug|Any CPU.ActiveCfg = Debug|Any CPU
		{9A8430FE-D3F1-4D7A-B8B2-E5B438D93CFD}.Debug|Any CPU.Build.0 = Debug|Any CPU
		{9A8430FE-D3F1-4D7A-B8B2-E5B438D93CFD}.Release|Any CPU.ActiveCfg = Release|Any CPU
		{9A8430FE-D3F1-4D7A-B8B2-E5B438D93CFD}.Release|Any CPU.Build.0 = Release|Any CPU
		{694A035E-0226-4639-A2E2-34BB6A138BE5}.Debug|Any CPU.ActiveCfg = Debug|Any CPU
		{694A035E-0226-4639-A2E2-34BB6A138BE5}.Debug|Any CPU.Build.0 = Debug|Any CPU
		{694A035E-0226-4639-A2E2-34BB6A138BE5}.Release|Any CPU.ActiveCfg = Release|Any CPU
		{694A035E-0226-4639-A2E2-34BB6A138BE5}.Release|Any CPU.Build.0 = Release|Any CPU
		{DDD534BB-0AED-4E7E-B09A-187573C568A5}.Debug|Any CPU.ActiveCfg = Debug|Any CPU
		{DDD534BB-0AED-4E7E-B09A-187573C568A5}.Debug|Any CPU.Build.0 = Debug|Any CPU
		{DDD534BB-0AED-4E7E-B09A-187573C568A5}.Release|Any CPU.ActiveCfg = Release|Any CPU
		{DDD534BB-0AED-4E7E-B09A-187573C568A5}.Release|Any CPU.Build.0 = Release|Any CPU
		{7E8D8380-BF2E-4C3F-9A35-2B6363CEACEC}.Debug|Any CPU.ActiveCfg = Debug|Any CPU
		{7E8D8380-BF2E-4C3F-9A35-2B6363CEACEC}.Debug|Any CPU.Build.0 = Debug|Any CPU
		{7E8D8380-BF2E-4C3F-9A35-2B6363CEACEC}.Release|Any CPU.ActiveCfg = Release|Any CPU
		{7E8D8380-BF2E-4C3F-9A35-2B6363CEACEC}.Release|Any CPU.Build.0 = Release|Any CPU
		{65FC4319-8FBF-456B-AAC1-FD65B8D562A4}.Debug|Any CPU.ActiveCfg = Debug|Any CPU
		{65FC4319-8FBF-456B-AAC1-FD65B8D562A4}.Debug|Any CPU.Build.0 = Debug|Any CPU
		{65FC4319-8FBF-456B-AAC1-FD65B8D562A4}.Release|Any CPU.ActiveCfg = Release|Any CPU
		{65FC4319-8FBF-456B-AAC1-FD65B8D562A4}.Release|Any CPU.Build.0 = Release|Any CPU
		{D3E72090-BBE2-4BD1-8E28-DA9C46FFF866}.Debug|Any CPU.ActiveCfg = Debug|Any CPU
		{D3E72090-BBE2-4BD1-8E28-DA9C46FFF866}.Debug|Any CPU.Build.0 = Debug|Any CPU
		{D3E72090-BBE2-4BD1-8E28-DA9C46FFF866}.Release|Any CPU.ActiveCfg = Release|Any CPU
		{D3E72090-BBE2-4BD1-8E28-DA9C46FFF866}.Release|Any CPU.Build.0 = Release|Any CPU
		{674E0262-8F35-4FF1-B80F-EDB46DCFB251}.Debug|Any CPU.ActiveCfg = Debug|Any CPU
		{674E0262-8F35-4FF1-B80F-EDB46DCFB251}.Debug|Any CPU.Build.0 = Debug|Any CPU
		{674E0262-8F35-4FF1-B80F-EDB46DCFB251}.Release|Any CPU.ActiveCfg = Release|Any CPU
		{674E0262-8F35-4FF1-B80F-EDB46DCFB251}.Release|Any CPU.Build.0 = Release|Any CPU
	EndGlobalSection
	GlobalSection(SolutionProperties) = preSolution
		HideSolutionNode = FALSE
	EndGlobalSection
	GlobalSection(NestedProjects) = preSolution
		{D1EA0748-D2F0-4943-B7C2-F08CFC9C443D} = {8F3FD8B0-F71A-4245-B594-446642A8AA6E}
		{B14EA065-DC29-43D5-B1E8-78FB57580B09} = {8F3FD8B0-F71A-4245-B594-446642A8AA6E}
		{F8DB0D4C-1689-432B-A08A-9E925484F797} = {8F3FD8B0-F71A-4245-B594-446642A8AA6E}
		{56877C23-FA1A-4F0F-A06D-83BC002CF70D} = {8F3FD8B0-F71A-4245-B594-446642A8AA6E}
		{D1015CBB-B090-418E-B677-9F7096431472} = {8F3FD8B0-F71A-4245-B594-446642A8AA6E}
		{E44F76F9-63E8-4E5B-AAA3-FA7924C5878B} = {8F3FD8B0-F71A-4245-B594-446642A8AA6E}
		{4E1151DC-229F-4C1B-A421-2AB45CD9D61B} = {8F3FD8B0-F71A-4245-B594-446642A8AA6E}
		{445EE253-1AF8-4D45-B125-332ADA13F2B4} = {8F3FD8B0-F71A-4245-B594-446642A8AA6E}
		{9A8430FE-D3F1-4D7A-B8B2-E5B438D93CFD} = {3E1F9EFF-7E75-47EE-A54E-66A46446D760}
		{694A035E-0226-4639-A2E2-34BB6A138BE5} = {3E1F9EFF-7E75-47EE-A54E-66A46446D760}
		{DDD534BB-0AED-4E7E-B09A-187573C568A5} = {3E1F9EFF-7E75-47EE-A54E-66A46446D760}
		{7E8D8380-BF2E-4C3F-9A35-2B6363CEACEC} = {3E1F9EFF-7E75-47EE-A54E-66A46446D760}
		{65FC4319-8FBF-456B-AAC1-FD65B8D562A4} = {3E1F9EFF-7E75-47EE-A54E-66A46446D760}
		{D3E72090-BBE2-4BD1-8E28-DA9C46FFF866} = {3E1F9EFF-7E75-47EE-A54E-66A46446D760}
		{674E0262-8F35-4FF1-B80F-EDB46DCFB251} = {3E1F9EFF-7E75-47EE-A54E-66A46446D760}
	EndGlobalSection
	GlobalSection(ExtensibilityGlobals) = postSolution
		SolutionGuid = {83049C2C-4D5D-46CF-ABBA-BA063AD9B4EE}
	EndGlobalSection
EndGlobal
