
Microsoft Visual Studio Solution File, Format Version 12.00
# Visual Studio Version 17
VisualStudioVersion = 17.7.34024.191
MinimumVisualStudioVersion = 10.0.40219.1
Project("{9A19103F-16F7-4668-BE54-9A1E7A4F7556}") = "21 - Exam Preparation", "21 - Exam Preparation\21 - Exam Preparation.csproj", "{DDFB87EB-4428-4932-9E51-64E6019D8B8D}"
EndProject
Project("{2150E333-8FDC-42A3-9474-1A3956D46DE8}") = "StacksAndQueue", "StacksAndQueue", "{574805D8-65CD-44CA-AD0C-F3FA774761CE}"
EndProject
Project("{2150E333-8FDC-42A3-9474-1A3956D46DE8}") = "Lab", "Lab", "{F018A49F-3F8A-41CB-9DCD-94F3A9F5A941}"
EndProject
Project("{2150E333-8FDC-42A3-9474-1A3956D46DE8}") = "Exercise", "Exercise", "{2A232186-ECD5-4F7B-BC69-78EFBA50EAD2}"
EndProject
Project("{9A19103F-16F7-4668-BE54-9A1E7A4F7556}") = "01.ReverseAString", "1.ReverseAString\01.ReverseAString.csproj", "{FFAB83C4-0C6D-4B5B-9AEF-1F26D5C58844}"
EndProject
Project("{9A19103F-16F7-4668-BE54-9A1E7A4F7556}") = "02.StackSum", "2.StackSum\02.StackSum.csproj", "{4A2097E3-F2BE-4DF5-8EA7-7772A80C7903}"
EndProject
Project("{9A19103F-16F7-4668-BE54-9A1E7A4F7556}") = "03. SimpleCalculator", "3. SimpleCalculator\03. SimpleCalculator.csproj", "{E84511A7-8CB9-4CB6-BD7D-5CEE6D9286C3}"
EndProject
Project("{9A19103F-16F7-4668-BE54-9A1E7A4F7556}") = "04.MatchingBrackets", "04.MatchingBrackets\04.MatchingBrackets.csproj", "{222E1BBB-3539-41FF-8DC1-0F2F91EBFA1B}"
EndProject
Project("{9A19103F-16F7-4668-BE54-9A1E7A4F7556}") = "05.PrintEvenNumbers", "5.PrintEvenNumbers\05.PrintEvenNumbers.csproj", "{C502F008-BDC2-4250-BB38-E8AF53AB1770}"
EndProject
Project("{9A19103F-16F7-4668-BE54-9A1E7A4F7556}") = "06.Supermarket", "06.Supermarket\06.Supermarket.csproj", "{9D51FBBE-2977-4F75-9AB6-EA7DD1A948BA}"
EndProject
Project("{9A19103F-16F7-4668-BE54-9A1E7A4F7556}") = "07.HotPotato", "07.HotPotato\07.HotPotato.csproj", "{1E6F01BD-E9D9-4FFF-9598-000A0ED69419}"
EndProject
Project("{9A19103F-16F7-4668-BE54-9A1E7A4F7556}") = "8.TrafficJam", "8.TrafficJam\8.TrafficJam.csproj", "{7CDEB058-9FA6-4323-867A-7A9C55A1BA3F}"
EndProject
Project("{9A19103F-16F7-4668-BE54-9A1E7A4F7556}") = "01.BasicStackOperations", "01.BasicStackOperations\01.BasicStackOperations.csproj", "{039F725E-7704-44A6-BD23-E92269851A52}"
EndProject
Project("{9A19103F-16F7-4668-BE54-9A1E7A4F7556}") = "02.BasicQueueOperations", "02.BasicQueueOperations\02.BasicQueueOperations.csproj", "{AE2C8A60-6C8F-44D5-BF38-E117D0E94F40}"
EndProject
Project("{9A19103F-16F7-4668-BE54-9A1E7A4F7556}") = "03.MaximumandMinimumElement", "03.MaximumandMinimumElement\03.MaximumandMinimumElement.csproj", "{9DF3E5E4-2E2C-41C1-8F06-7DD78A47637E}"
EndProject
Project("{FAE04EC0-301F-11D3-BF4B-00C04F79EFBC}") = "04.FastFood", "04.FastFood\04.FastFood.csproj", "{517C8919-942E-4A9C-8A36-A401447EEFDB}"
EndProject
Global
	GlobalSection(SolutionConfigurationPlatforms) = preSolution
		Debug|Any CPU = Debug|Any CPU
		Release|Any CPU = Release|Any CPU
	EndGlobalSection
	GlobalSection(ProjectConfigurationPlatforms) = postSolution
		{DDFB87EB-4428-4932-9E51-64E6019D8B8D}.Debug|Any CPU.ActiveCfg = Debug|Any CPU
		{DDFB87EB-4428-4932-9E51-64E6019D8B8D}.Debug|Any CPU.Build.0 = Debug|Any CPU
		{DDFB87EB-4428-4932-9E51-64E6019D8B8D}.Release|Any CPU.ActiveCfg = Release|Any CPU
		{DDFB87EB-4428-4932-9E51-64E6019D8B8D}.Release|Any CPU.Build.0 = Release|Any CPU
		{FFAB83C4-0C6D-4B5B-9AEF-1F26D5C58844}.Debug|Any CPU.ActiveCfg = Debug|Any CPU
		{FFAB83C4-0C6D-4B5B-9AEF-1F26D5C58844}.Debug|Any CPU.Build.0 = Debug|Any CPU
		{FFAB83C4-0C6D-4B5B-9AEF-1F26D5C58844}.Release|Any CPU.ActiveCfg = Release|Any CPU
		{FFAB83C4-0C6D-4B5B-9AEF-1F26D5C58844}.Release|Any CPU.Build.0 = Release|Any CPU
		{4A2097E3-F2BE-4DF5-8EA7-7772A80C7903}.Debug|Any CPU.ActiveCfg = Debug|Any CPU
		{4A2097E3-F2BE-4DF5-8EA7-7772A80C7903}.Debug|Any CPU.Build.0 = Debug|Any CPU
		{4A2097E3-F2BE-4DF5-8EA7-7772A80C7903}.Release|Any CPU.ActiveCfg = Release|Any CPU
		{4A2097E3-F2BE-4DF5-8EA7-7772A80C7903}.Release|Any CPU.Build.0 = Release|Any CPU
		{E84511A7-8CB9-4CB6-BD7D-5CEE6D9286C3}.Debug|Any CPU.ActiveCfg = Debug|Any CPU
		{E84511A7-8CB9-4CB6-BD7D-5CEE6D9286C3}.Debug|Any CPU.Build.0 = Debug|Any CPU
		{E84511A7-8CB9-4CB6-BD7D-5CEE6D9286C3}.Release|Any CPU.ActiveCfg = Release|Any CPU
		{E84511A7-8CB9-4CB6-BD7D-5CEE6D9286C3}.Release|Any CPU.Build.0 = Release|Any CPU
		{222E1BBB-3539-41FF-8DC1-0F2F91EBFA1B}.Debug|Any CPU.ActiveCfg = Debug|Any CPU
		{222E1BBB-3539-41FF-8DC1-0F2F91EBFA1B}.Debug|Any CPU.Build.0 = Debug|Any CPU
		{222E1BBB-3539-41FF-8DC1-0F2F91EBFA1B}.Release|Any CPU.ActiveCfg = Release|Any CPU
		{222E1BBB-3539-41FF-8DC1-0F2F91EBFA1B}.Release|Any CPU.Build.0 = Release|Any CPU
		{C502F008-BDC2-4250-BB38-E8AF53AB1770}.Debug|Any CPU.ActiveCfg = Debug|Any CPU
		{C502F008-BDC2-4250-BB38-E8AF53AB1770}.Debug|Any CPU.Build.0 = Debug|Any CPU
		{C502F008-BDC2-4250-BB38-E8AF53AB1770}.Release|Any CPU.ActiveCfg = Release|Any CPU
		{C502F008-BDC2-4250-BB38-E8AF53AB1770}.Release|Any CPU.Build.0 = Release|Any CPU
		{9D51FBBE-2977-4F75-9AB6-EA7DD1A948BA}.Debug|Any CPU.ActiveCfg = Debug|Any CPU
		{9D51FBBE-2977-4F75-9AB6-EA7DD1A948BA}.Debug|Any CPU.Build.0 = Debug|Any CPU
		{9D51FBBE-2977-4F75-9AB6-EA7DD1A948BA}.Release|Any CPU.ActiveCfg = Release|Any CPU
		{9D51FBBE-2977-4F75-9AB6-EA7DD1A948BA}.Release|Any CPU.Build.0 = Release|Any CPU
		{1E6F01BD-E9D9-4FFF-9598-000A0ED69419}.Debug|Any CPU.ActiveCfg = Debug|Any CPU
		{1E6F01BD-E9D9-4FFF-9598-000A0ED69419}.Debug|Any CPU.Build.0 = Debug|Any CPU
		{1E6F01BD-E9D9-4FFF-9598-000A0ED69419}.Release|Any CPU.ActiveCfg = Release|Any CPU
		{1E6F01BD-E9D9-4FFF-9598-000A0ED69419}.Release|Any CPU.Build.0 = Release|Any CPU
		{7CDEB058-9FA6-4323-867A-7A9C55A1BA3F}.Debug|Any CPU.ActiveCfg = Debug|Any CPU
		{7CDEB058-9FA6-4323-867A-7A9C55A1BA3F}.Debug|Any CPU.Build.0 = Debug|Any CPU
		{7CDEB058-9FA6-4323-867A-7A9C55A1BA3F}.Release|Any CPU.ActiveCfg = Release|Any CPU
		{7CDEB058-9FA6-4323-867A-7A9C55A1BA3F}.Release|Any CPU.Build.0 = Release|Any CPU
		{039F725E-7704-44A6-BD23-E92269851A52}.Debug|Any CPU.ActiveCfg = Debug|Any CPU
		{039F725E-7704-44A6-BD23-E92269851A52}.Debug|Any CPU.Build.0 = Debug|Any CPU
		{039F725E-7704-44A6-BD23-E92269851A52}.Release|Any CPU.ActiveCfg = Release|Any CPU
		{039F725E-7704-44A6-BD23-E92269851A52}.Release|Any CPU.Build.0 = Release|Any CPU
		{AE2C8A60-6C8F-44D5-BF38-E117D0E94F40}.Debug|Any CPU.ActiveCfg = Debug|Any CPU
		{AE2C8A60-6C8F-44D5-BF38-E117D0E94F40}.Debug|Any CPU.Build.0 = Debug|Any CPU
		{AE2C8A60-6C8F-44D5-BF38-E117D0E94F40}.Release|Any CPU.ActiveCfg = Release|Any CPU
		{AE2C8A60-6C8F-44D5-BF38-E117D0E94F40}.Release|Any CPU.Build.0 = Release|Any CPU
		{9DF3E5E4-2E2C-41C1-8F06-7DD78A47637E}.Debug|Any CPU.ActiveCfg = Debug|Any CPU
		{9DF3E5E4-2E2C-41C1-8F06-7DD78A47637E}.Debug|Any CPU.Build.0 = Debug|Any CPU
		{9DF3E5E4-2E2C-41C1-8F06-7DD78A47637E}.Release|Any CPU.ActiveCfg = Release|Any CPU
		{9DF3E5E4-2E2C-41C1-8F06-7DD78A47637E}.Release|Any CPU.Build.0 = Release|Any CPU
		{517C8919-942E-4A9C-8A36-A401447EEFDB}.Debug|Any CPU.ActiveCfg = Debug|Any CPU
		{517C8919-942E-4A9C-8A36-A401447EEFDB}.Debug|Any CPU.Build.0 = Debug|Any CPU
		{517C8919-942E-4A9C-8A36-A401447EEFDB}.Release|Any CPU.ActiveCfg = Release|Any CPU
		{517C8919-942E-4A9C-8A36-A401447EEFDB}.Release|Any CPU.Build.0 = Release|Any CPU
	EndGlobalSection
	GlobalSection(SolutionProperties) = preSolution
		HideSolutionNode = FALSE
	EndGlobalSection
	GlobalSection(NestedProjects) = preSolution
		{F018A49F-3F8A-41CB-9DCD-94F3A9F5A941} = {574805D8-65CD-44CA-AD0C-F3FA774761CE}
		{2A232186-ECD5-4F7B-BC69-78EFBA50EAD2} = {574805D8-65CD-44CA-AD0C-F3FA774761CE}
		{FFAB83C4-0C6D-4B5B-9AEF-1F26D5C58844} = {F018A49F-3F8A-41CB-9DCD-94F3A9F5A941}
		{4A2097E3-F2BE-4DF5-8EA7-7772A80C7903} = {F018A49F-3F8A-41CB-9DCD-94F3A9F5A941}
		{E84511A7-8CB9-4CB6-BD7D-5CEE6D9286C3} = {F018A49F-3F8A-41CB-9DCD-94F3A9F5A941}
		{222E1BBB-3539-41FF-8DC1-0F2F91EBFA1B} = {F018A49F-3F8A-41CB-9DCD-94F3A9F5A941}
		{C502F008-BDC2-4250-BB38-E8AF53AB1770} = {F018A49F-3F8A-41CB-9DCD-94F3A9F5A941}
		{9D51FBBE-2977-4F75-9AB6-EA7DD1A948BA} = {F018A49F-3F8A-41CB-9DCD-94F3A9F5A941}
		{1E6F01BD-E9D9-4FFF-9598-000A0ED69419} = {F018A49F-3F8A-41CB-9DCD-94F3A9F5A941}
		{7CDEB058-9FA6-4323-867A-7A9C55A1BA3F} = {F018A49F-3F8A-41CB-9DCD-94F3A9F5A941}
		{039F725E-7704-44A6-BD23-E92269851A52} = {2A232186-ECD5-4F7B-BC69-78EFBA50EAD2}
		{AE2C8A60-6C8F-44D5-BF38-E117D0E94F40} = {2A232186-ECD5-4F7B-BC69-78EFBA50EAD2}
		{9DF3E5E4-2E2C-41C1-8F06-7DD78A47637E} = {2A232186-ECD5-4F7B-BC69-78EFBA50EAD2}
		{517C8919-942E-4A9C-8A36-A401447EEFDB} = {2A232186-ECD5-4F7B-BC69-78EFBA50EAD2}
	EndGlobalSection
	GlobalSection(ExtensibilityGlobals) = postSolution
		SolutionGuid = {23CA0A17-0A83-48C5-A510-3041321027DB}
	EndGlobalSection
EndGlobal
