
Microsoft Visual Studio Solution File, Format Version 12.00
# Visual Studio Version 17
VisualStudioVersion = 17.7.34024.191
MinimumVisualStudioVersion = 10.0.40219.1
Project("{9A19103F-16F7-4668-BE54-9A1E7A4F7556}") = "21 - Exam Preparation", "21 - Exam Preparation\21 - Exam Preparation.csproj", "{DDFB87EB-4428-4932-9E51-64E6019D8B8D}"
EndProject
Project("{2150E333-8FDC-42A3-9474-1A3956D46DE8}") = "StacksAndQueue", "StacksAndQueue", "{574805D8-65CD-44CA-AD0C-F3FA774761CE}"
EndProject
Project("{2150E333-8FDC-42A3-9474-1A3956D46DE8}") = "Lab", "Lab", "{F018A49F-3F8A-41CB-9DCD-94F3A9F5A941}"
EndProject
Project("{2150E333-8FDC-42A3-9474-1A3956D46DE8}") = "Exercise", "Exercise", "{2A232186-ECD5-4F7B-BC69-78EFBA50EAD2}"
EndProject
Project("{9A19103F-16F7-4668-BE54-9A1E7A4F7556}") = "01.ReverseAString", "1.ReverseAString\01.ReverseAString.csproj", "{FFAB83C4-0C6D-4B5B-9AEF-1F26D5C58844}"
EndProject
Project("{9A19103F-16F7-4668-BE54-9A1E7A4F7556}") = "02.StackSum", "2.StackSum\02.StackSum.csproj", "{4A2097E3-F2BE-4DF5-8EA7-7772A80C7903}"
EndProject
Project("{9A19103F-16F7-4668-BE54-9A1E7A4F7556}") = "03. SimpleCalculator", "3. SimpleCalculator\03. SimpleCalculator.csproj", "{E84511A7-8CB9-4CB6-BD7D-5CEE6D9286C3}"
EndProject
Project("{9A19103F-16F7-4668-BE54-9A1E7A4F7556}") = "04.MatchingBrackets", "04.MatchingBrackets\04.MatchingBrackets.csproj", "{222E1BBB-3539-41FF-8DC1-0F2F91EBFA1B}"
EndProject
Project("{9A19103F-16F7-4668-BE54-9A1E7A4F7556}") = "05.PrintEvenNumbers", "5.PrintEvenNumbers\05.PrintEvenNumbers.csproj", "{C502F008-BDC2-4250-BB38-E8AF53AB1770}"
EndProject
Project("{9A19103F-16F7-4668-BE54-9A1E7A4F7556}") = "06.Supermarket", "06.Supermarket\06.Supermarket.csproj", "{9D51FBBE-2977-4F75-9AB6-EA7DD1A948BA}"
EndProject
Project("{9A19103F-16F7-4668-BE54-9A1E7A4F7556}") = "07.HotPotato", "07.HotPotato\07.HotPotato.csproj", "{1E6F01BD-E9D9-4FFF-9598-000A0ED69419}"
EndProject
Project("{9A19103F-16F7-4668-BE54-9A1E7A4F7556}") = "8.TrafficJam", "8.TrafficJam\8.TrafficJam.csproj", "{7CDEB058-9FA6-4323-867A-7A9C55A1BA3F}"
EndProject
Project("{9A19103F-16F7-4668-BE54-9A1E7A4F7556}") = "01.BasicStackOperations", "01.BasicStackOperations\01.BasicStackOperations.csproj", "{039F725E-7704-44A6-BD23-E92269851A52}"
EndProject
Project("{9A19103F-16F7-4668-BE54-9A1E7A4F7556}") = "02.BasicQueueOperations", "02.BasicQueueOperations\02.BasicQueueOperations.csproj", "{AE2C8A60-6C8F-44D5-BF38-E117D0E94F40}"
EndProject
Project("{9A19103F-16F7-4668-BE54-9A1E7A4F7556}") = "03.MaximumandMinimumElement", "03.MaximumandMinimumElement\03.MaximumandMinimumElement.csproj", "{9DF3E5E4-2E2C-41C1-8F06-7DD78A47637E}"
EndProject
Project("{9A19103F-16F7-4668-BE54-9A1E7A4F7556}") = "04.FastFood", "04.FastFood\04.FastFood.csproj", "{517C8919-942E-4A9C-8A36-A401447EEFDB}"
EndProject
Project("{9A19103F-16F7-4668-BE54-9A1E7A4F7556}") = "05.FashionBoutique", "05.FashionBoutique\05.FashionBoutique.csproj", "{62852487-48EF-410E-8259-45DF1F1DC81C}"
EndProject
Project("{9A19103F-16F7-4668-BE54-9A1E7A4F7556}") = "06.SongsQueue", "06.SongsQueue\06.SongsQueue.csproj", "{6EFF5FBB-C78B-451F-8EA3-781F1AABE0A5}"
EndProject
Project("{9A19103F-16F7-4668-BE54-9A1E7A4F7556}") = "07.TruckTour", "07.TruckTour\07.TruckTour.csproj", "{5B354CC0-A345-473D-8D1C-B3A5318F8A19}"
EndProject
Project("{9A19103F-16F7-4668-BE54-9A1E7A4F7556}") = "08.BalancedParenthesis", "08.BalancedParenthesis\08.BalancedParenthesis.csproj", "{FE5BB209-5980-4083-A8CF-8E5AAE9A937A}"
EndProject
Project("{9A19103F-16F7-4668-BE54-9A1E7A4F7556}") = "09.SimpleTextEditor", "09.SimpleTextEditor\09.SimpleTextEditor.csproj", "{587139AE-5E83-478C-99AA-7EE07FAFE2C4}"
EndProject
Project("{2150E333-8FDC-42A3-9474-1A3956D46DE8}") = "Multidimensional Arrays", "Multidimensional Arrays", "{03DD2007-2752-4CD3-8DEB-D7BE6605C1F4}"
EndProject
Project("{9A19103F-16F7-4668-BE54-9A1E7A4F7556}") = "01.SumMatrixElements", "01.SumMatrixElements\01.SumMatrixElements.csproj", "{6F76C305-371E-43BC-A725-7AE3059FF82E}"
EndProject
Project("{9A19103F-16F7-4668-BE54-9A1E7A4F7556}") = "02.SumMatrixColumns", "02.SumMatrixColumns\02.SumMatrixColumns.csproj", "{F260B6D8-13DF-4598-846F-4F745271B7DD}"
EndProject
Project("{9A19103F-16F7-4668-BE54-9A1E7A4F7556}") = "03.PrimaryDiagonal", "03.PrimaryDiagonal\03.PrimaryDiagonal.csproj", "{DD44E559-8759-4F57-A3CC-33FEBAB4B173}"
EndProject
Project("{9A19103F-16F7-4668-BE54-9A1E7A4F7556}") = "04.SymbolInMatrix", "04.SymbolInMatrix\04.SymbolInMatrix.csproj", "{8DAD3B8B-10FC-44DA-97CC-0FFDDFFEB813}"
EndProject
Project("{9A19103F-16F7-4668-BE54-9A1E7A4F7556}") = "05.SquareWithMaximumSum", "05.SquareWithMaximumSum\05.SquareWithMaximumSum.csproj", "{31FD7380-09A7-447C-A3E3-7BF90359C0AD}"
EndProject
Project("{9A19103F-16F7-4668-BE54-9A1E7A4F7556}") = "06.Jagged-ArrayModification", "06.Jagged-ArrayModification\06.Jagged-ArrayModification.csproj", "{019A72DE-2002-4299-AC68-B69D4E3BC1F7}"
EndProject
Project("{2150E333-8FDC-42A3-9474-1A3956D46DE8}") = "Lab", "Lab", "{10569B74-1FF9-4FB3-9A27-F2AC10D0C6CF}"
EndProject
Project("{2150E333-8FDC-42A3-9474-1A3956D46DE8}") = "Exercise", "Exercise", "{843371E8-179A-48E5-8489-3CE8710A3E3F}"
EndProject
Project("{9A19103F-16F7-4668-BE54-9A1E7A4F7556}") = "01.DiagonalDifference", "01.DiagonalDifference\01.DiagonalDifference.csproj", "{8830FAF5-96AB-4BFA-8E45-D7A5AEC94467}"
EndProject
Project("{9A19103F-16F7-4668-BE54-9A1E7A4F7556}") = "02.SquaresInMatrix", "02.SquaresInMatrix\02.SquaresInMatrix.csproj", "{F353FBF8-BBF4-4681-9B54-85D4EAD991EA}"
EndProject
Project("{9A19103F-16F7-4668-BE54-9A1E7A4F7556}") = "03.MaximalSum", "03.MaximalSum\03.MaximalSum.csproj", "{047E51C0-206C-45D6-A853-CC5A1E64D88D}"
EndProject
Project("{9A19103F-16F7-4668-BE54-9A1E7A4F7556}") = "04.MatrixShuffling", "04.MatrixShuffling\04.MatrixShuffling.csproj", "{B693F36B-1B5F-498A-8B09-FFBCC146F112}"
EndProject
Project("{9A19103F-16F7-4668-BE54-9A1E7A4F7556}") = "05.SnakeMoves", "5.SnakeMoves\05.SnakeMoves.csproj", "{CB5BAAF7-BEEA-4135-ACE8-F6053DCEB758}"
EndProject
Project("{9A19103F-16F7-4668-BE54-9A1E7A4F7556}") = "06.JaggedArrayManipulator", "06.JaggedArrayManipulator\06.JaggedArrayManipulator.csproj", "{4BB8D2E5-A3FB-437B-87FF-D985D8941B8A}"
EndProject
Project("{2150E333-8FDC-42A3-9474-1A3956D46DE8}") = "Defining Classes", "Defining Classes", "{6A0620AF-5D06-4FC1-9757-DC2BBFA248EF}"
EndProject
Project("{2150E333-8FDC-42A3-9474-1A3956D46DE8}") = "Lab", "Lab", "{855805E3-44F3-4E0A-85B7-2C1EA1128496}"
EndProject
Project("{2150E333-8FDC-42A3-9474-1A3956D46DE8}") = "Exercise", "Exercise", "{D9B9FC03-46D0-4306-8CA3-34066A3EE11F}"
EndProject
Project("{9A19103F-16F7-4668-BE54-9A1E7A4F7556}") = "01.Car", "01.Car\01.Car.csproj", "{5B75F8F8-755C-4808-9AED-630355C7432F}"
EndProject
Project("{9A19103F-16F7-4668-BE54-9A1E7A4F7556}") = "02.CarExtension", "02.CarExtension\02.CarExtension.csproj", "{2B664A1E-EAB9-4707-9408-54F35B7DB9FD}"
EndProject
Project("{9A19103F-16F7-4668-BE54-9A1E7A4F7556}") = "03.CarConstructors", "03.CarConstructors\03.CarConstructors.csproj", "{C16A6BB0-63DD-402F-93DE-EB2E26348E0B}"
EndProject
Project("{9A19103F-16F7-4668-BE54-9A1E7A4F7556}") = "04.CarEngineAndTires", "04.CarEngineAndTires\04.CarEngineAndTires.csproj", "{8B8DB3A1-D9B8-43D2-BCF8-537A621A14BC}"
EndProject
Project("{9A19103F-16F7-4668-BE54-9A1E7A4F7556}") = "05.SpecialCars", "05.SpecialCars\05.SpecialCars.csproj", "{5C2AD4DA-6B1B-4D96-999E-47B027362D8B}"
EndProject
Project("{9A19103F-16F7-4668-BE54-9A1E7A4F7556}") = "01.DefineAClassPerson", "01.DefineAClassPerson\01.DefineAClassPerson.csproj", "{BC5B730B-5336-4306-A5CE-57F2542D0365}"
EndProject
Project("{2150E333-8FDC-42A3-9474-1A3956D46DE8}") = "Exam", "Exam", "{52449E4E-6BFA-437F-9F15-B6C82B2AA0F7}"
EndProject
Project("{2150E333-8FDC-42A3-9474-1A3956D46DE8}") = "01.Exam13December2023", "01.Exam13December2023", "{90E7BFD6-3D3B-4EF5-B646-A428B3E5AC5D}"
EndProject
Project("{9A19103F-16F7-4668-BE54-9A1E7A4F7556}") = "02.TheGambler", "02.TheGambler\02.TheGambler.csproj", "{A508501A-E3B7-4F98-BEFD-37BF6E1B345D}"
EndProject
Project("{9A19103F-16F7-4668-BE54-9A1E7A4F7556}") = "GroceriesManagement", "03.GroceriesManagement\GroceriesManagement.csproj", "{3B8660BC-65EF-4C8D-8B00-8A89076472AF}"
EndProject
Project("{2150E333-8FDC-42A3-9474-1A3956D46DE8}") = "02.Exam21October2023", "02.Exam21October2023", "{4E344F18-88FE-4DEF-8257-CF16C30129BA}"
EndProject
Project("{9A19103F-16F7-4668-BE54-9A1E7A4F7556}") = "01.OffroadChallenge", "01.OffroadChallenge\01.OffroadChallenge.csproj", "{BD661B57-53FD-46D5-9C57-858535E8B8F8}"
EndProject
Project("{9A19103F-16F7-4668-BE54-9A1E7A4F7556}") = "02.FishingCompetition", "02.FishingCompetition\02.FishingCompetition.csproj", "{5C7D225E-2A01-4714-B352-C94F61ADE7A9}"
EndProject
Project("{9A19103F-16F7-4668-BE54-9A1E7A4F7556}") = "03.MailClient", "03.MailClient\03.MailClient.csproj", "{2A39A36F-A719-4255-BC6E-0EDBC6A09C6F}"
EndProject
Project("{2150E333-8FDC-42A3-9474-1A3956D46DE8}") = "03.Exam09August2023", "03.Exam09August2023", "{59F11DF3-4D6D-4B6D-AB44-09852A9668B1}"
EndProject
Project("{9A19103F-16F7-4668-BE54-9A1E7A4F7556}") = "01. Monster Extermination", "aasas\01. Monster Extermination.csproj", "{3A4B19A2-7405-42F1-BA77-1BCD4F6D9CD5}"
EndProject
Project("{9A19103F-16F7-4668-BE54-9A1E7A4F7556}") = "02.DeliveryBoy", "02.DeliveryBoy\02.DeliveryBoy.csproj", "{FA4D1E9F-D6C4-45BE-90D7-8268C95123C3}"
EndProject
Project("{9A19103F-16F7-4668-BE54-9A1E7A4F7556}") = "03.VendingSystem", "03.VendingSystem\03.VendingSystem.csproj", "{AAC8A192-11BB-4C26-8FAE-74421588E652}"
EndProject
Project("{2150E333-8FDC-42A3-9474-1A3956D46DE8}") = "04.17June2023", "04.17June2023", "{E404CF19-C080-43BB-A9F1-956C70CC7173}"
EndProject
Project("{9A19103F-16F7-4668-BE54-9A1E7A4F7556}") = "01.TempleOfDoom", "01.TempleOfDoom\01.TempleOfDoom.csproj", "{6622AF21-9555-45F2-B26F-03CE854E1AD2}"
EndProject
Project("{9A19103F-16F7-4668-BE54-9A1E7A4F7556}") = "02.MouseInTheKitchen", "02.MouseInTheKitchen\02.MouseInTheKitchen.csproj", "{D95A40E5-04A3-4755-89A9-8F09B56199AA}"
EndProject
Project("{9A19103F-16F7-4668-BE54-9A1E7A4F7556}") = "03.AutomotiveRepairShop", "03.AutomotiveRepairShop\03.AutomotiveRepairShop.csproj", "{46FD81DF-BB9E-4F5D-82DC-6C5791877883}"
EndProject
Project("{2150E333-8FDC-42A3-9474-1A3956D46DE8}") = "05.12April2023", "05.12April2023", "{2E72CC06-67A9-433D-9894-C955242E914A}"
EndProject
Project("{9A19103F-16F7-4668-BE54-9A1E7A4F7556}") = "01.RubberDuckDebugers", "01.RubberDuckDebugers\01.RubberDuckDebugers.csproj", "{C6C4D7C0-0B98-4010-B097-C5B104F5879C}"
EndProject
Project("{FAE04EC0-301F-11D3-BF4B-00C04F79EFBC}") = "02.TheSquirrel", "02.TheSquirrel\02.TheSquirrel.csproj", "{1106176A-BD7A-4D32-9CE9-A53651F5DEE3}"
EndProject
Project("{FAE04EC0-301F-11D3-BF4B-00C04F79EFBC}") = "03.ClothesMagazine", "03.ClothesMagazine\03.ClothesMagazine.csproj", "{6E4D3CD6-EAD7-4FBD-9D6B-74D6947C99AD}"
EndProject
Project("{2150E333-8FDC-42A3-9474-1A3956D46DE8}") = "06.18February2023", "06.18February2023", "{3F312B98-D6E5-4EFE-9386-DACF5DED2A63}"
EndProject
Project("{FAE04EC0-301F-11D3-BF4B-00C04F79EFBC}") = "01.ApocalypsePreparation", "01.ApocalypsePreparation\01.ApocalypsePreparation.csproj", "{9E3A1080-E8B5-46C6-B063-3BEEE3A62D4D}"
EndProject
Project("{FAE04EC0-301F-11D3-BF4B-00C04F79EFBC}") = "02.BlindMan'sBuff", "02.BlindMan'sBuff\02.BlindMan'sBuff.csproj", "{46716CCF-DCC8-4DF1-8E12-A1AB0A937A80}"
EndProject
Project("{FAE04EC0-301F-11D3-BF4B-00C04F79EFBC}") = "03.SoftUniKindergarten", "03.SoftUniKindergarten\03.SoftUniKindergarten.csproj", "{E3377221-9C3F-4F97-9326-7BE6B6F33073}"
EndProject
Project("{2150E333-8FDC-42A3-9474-1A3956D46DE8}") = "07.14December2022", "07.14December2022", "{735D93E3-2580-4031-ACA9-848F029ECB6D}"
EndProject
Project("{FAE04EC0-301F-11D3-BF4B-00C04F79EFBC}") = "01.ClimbThePeaks", "01.ClimbThePeaks\01.ClimbThePeaks.csproj", "{4B9047D2-CD20-46D6-8203-4C36125CB1CD}"
EndProject
Project("{FAE04EC0-301F-11D3-BF4B-00C04F79EFBC}") = "02.NavyBattle", "02.NavyBattle\02.NavyBattle.csproj", "{D6F9316B-E0C0-4596-84C9-D6E7137E5A44}"
EndProject
Global
	GlobalSection(SolutionConfigurationPlatforms) = preSolution
		Debug|Any CPU = Debug|Any CPU
		Release|Any CPU = Release|Any CPU
	EndGlobalSection
	GlobalSection(ProjectConfigurationPlatforms) = postSolution
		{DDFB87EB-4428-4932-9E51-64E6019D8B8D}.Debug|Any CPU.ActiveCfg = Debug|Any CPU
		{DDFB87EB-4428-4932-9E51-64E6019D8B8D}.Debug|Any CPU.Build.0 = Debug|Any CPU
		{DDFB87EB-4428-4932-9E51-64E6019D8B8D}.Release|Any CPU.ActiveCfg = Release|Any CPU
		{DDFB87EB-4428-4932-9E51-64E6019D8B8D}.Release|Any CPU.Build.0 = Release|Any CPU
		{FFAB83C4-0C6D-4B5B-9AEF-1F26D5C58844}.Debug|Any CPU.ActiveCfg = Debug|Any CPU
		{FFAB83C4-0C6D-4B5B-9AEF-1F26D5C58844}.Debug|Any CPU.Build.0 = Debug|Any CPU
		{FFAB83C4-0C6D-4B5B-9AEF-1F26D5C58844}.Release|Any CPU.ActiveCfg = Release|Any CPU
		{FFAB83C4-0C6D-4B5B-9AEF-1F26D5C58844}.Release|Any CPU.Build.0 = Release|Any CPU
		{4A2097E3-F2BE-4DF5-8EA7-7772A80C7903}.Debug|Any CPU.ActiveCfg = Debug|Any CPU
		{4A2097E3-F2BE-4DF5-8EA7-7772A80C7903}.Debug|Any CPU.Build.0 = Debug|Any CPU
		{4A2097E3-F2BE-4DF5-8EA7-7772A80C7903}.Release|Any CPU.ActiveCfg = Release|Any CPU
		{4A2097E3-F2BE-4DF5-8EA7-7772A80C7903}.Release|Any CPU.Build.0 = Release|Any CPU
		{E84511A7-8CB9-4CB6-BD7D-5CEE6D9286C3}.Debug|Any CPU.ActiveCfg = Debug|Any CPU
		{E84511A7-8CB9-4CB6-BD7D-5CEE6D9286C3}.Debug|Any CPU.Build.0 = Debug|Any CPU
		{E84511A7-8CB9-4CB6-BD7D-5CEE6D9286C3}.Release|Any CPU.ActiveCfg = Release|Any CPU
		{E84511A7-8CB9-4CB6-BD7D-5CEE6D9286C3}.Release|Any CPU.Build.0 = Release|Any CPU
		{222E1BBB-3539-41FF-8DC1-0F2F91EBFA1B}.Debug|Any CPU.ActiveCfg = Debug|Any CPU
		{222E1BBB-3539-41FF-8DC1-0F2F91EBFA1B}.Debug|Any CPU.Build.0 = Debug|Any CPU
		{222E1BBB-3539-41FF-8DC1-0F2F91EBFA1B}.Release|Any CPU.ActiveCfg = Release|Any CPU
		{222E1BBB-3539-41FF-8DC1-0F2F91EBFA1B}.Release|Any CPU.Build.0 = Release|Any CPU
		{C502F008-BDC2-4250-BB38-E8AF53AB1770}.Debug|Any CPU.ActiveCfg = Debug|Any CPU
		{C502F008-BDC2-4250-BB38-E8AF53AB1770}.Debug|Any CPU.Build.0 = Debug|Any CPU
		{C502F008-BDC2-4250-BB38-E8AF53AB1770}.Release|Any CPU.ActiveCfg = Release|Any CPU
		{C502F008-BDC2-4250-BB38-E8AF53AB1770}.Release|Any CPU.Build.0 = Release|Any CPU
		{9D51FBBE-2977-4F75-9AB6-EA7DD1A948BA}.Debug|Any CPU.ActiveCfg = Debug|Any CPU
		{9D51FBBE-2977-4F75-9AB6-EA7DD1A948BA}.Debug|Any CPU.Build.0 = Debug|Any CPU
		{9D51FBBE-2977-4F75-9AB6-EA7DD1A948BA}.Release|Any CPU.ActiveCfg = Release|Any CPU
		{9D51FBBE-2977-4F75-9AB6-EA7DD1A948BA}.Release|Any CPU.Build.0 = Release|Any CPU
		{1E6F01BD-E9D9-4FFF-9598-000A0ED69419}.Debug|Any CPU.ActiveCfg = Debug|Any CPU
		{1E6F01BD-E9D9-4FFF-9598-000A0ED69419}.Debug|Any CPU.Build.0 = Debug|Any CPU
		{1E6F01BD-E9D9-4FFF-9598-000A0ED69419}.Release|Any CPU.ActiveCfg = Release|Any CPU
		{1E6F01BD-E9D9-4FFF-9598-000A0ED69419}.Release|Any CPU.Build.0 = Release|Any CPU
		{7CDEB058-9FA6-4323-867A-7A9C55A1BA3F}.Debug|Any CPU.ActiveCfg = Debug|Any CPU
		{7CDEB058-9FA6-4323-867A-7A9C55A1BA3F}.Debug|Any CPU.Build.0 = Debug|Any CPU
		{7CDEB058-9FA6-4323-867A-7A9C55A1BA3F}.Release|Any CPU.ActiveCfg = Release|Any CPU
		{7CDEB058-9FA6-4323-867A-7A9C55A1BA3F}.Release|Any CPU.Build.0 = Release|Any CPU
		{039F725E-7704-44A6-BD23-E92269851A52}.Debug|Any CPU.ActiveCfg = Debug|Any CPU
		{039F725E-7704-44A6-BD23-E92269851A52}.Debug|Any CPU.Build.0 = Debug|Any CPU
		{039F725E-7704-44A6-BD23-E92269851A52}.Release|Any CPU.ActiveCfg = Release|Any CPU
		{039F725E-7704-44A6-BD23-E92269851A52}.Release|Any CPU.Build.0 = Release|Any CPU
		{AE2C8A60-6C8F-44D5-BF38-E117D0E94F40}.Debug|Any CPU.ActiveCfg = Debug|Any CPU
		{AE2C8A60-6C8F-44D5-BF38-E117D0E94F40}.Debug|Any CPU.Build.0 = Debug|Any CPU
		{AE2C8A60-6C8F-44D5-BF38-E117D0E94F40}.Release|Any CPU.ActiveCfg = Release|Any CPU
		{AE2C8A60-6C8F-44D5-BF38-E117D0E94F40}.Release|Any CPU.Build.0 = Release|Any CPU
		{9DF3E5E4-2E2C-41C1-8F06-7DD78A47637E}.Debug|Any CPU.ActiveCfg = Debug|Any CPU
		{9DF3E5E4-2E2C-41C1-8F06-7DD78A47637E}.Debug|Any CPU.Build.0 = Debug|Any CPU
		{9DF3E5E4-2E2C-41C1-8F06-7DD78A47637E}.Release|Any CPU.ActiveCfg = Release|Any CPU
		{9DF3E5E4-2E2C-41C1-8F06-7DD78A47637E}.Release|Any CPU.Build.0 = Release|Any CPU
		{517C8919-942E-4A9C-8A36-A401447EEFDB}.Debug|Any CPU.ActiveCfg = Debug|Any CPU
		{517C8919-942E-4A9C-8A36-A401447EEFDB}.Debug|Any CPU.Build.0 = Debug|Any CPU
		{517C8919-942E-4A9C-8A36-A401447EEFDB}.Release|Any CPU.ActiveCfg = Release|Any CPU
		{517C8919-942E-4A9C-8A36-A401447EEFDB}.Release|Any CPU.Build.0 = Release|Any CPU
		{62852487-48EF-410E-8259-45DF1F1DC81C}.Debug|Any CPU.ActiveCfg = Debug|Any CPU
		{62852487-48EF-410E-8259-45DF1F1DC81C}.Debug|Any CPU.Build.0 = Debug|Any CPU
		{62852487-48EF-410E-8259-45DF1F1DC81C}.Release|Any CPU.ActiveCfg = Release|Any CPU
		{62852487-48EF-410E-8259-45DF1F1DC81C}.Release|Any CPU.Build.0 = Release|Any CPU
		{6EFF5FBB-C78B-451F-8EA3-781F1AABE0A5}.Debug|Any CPU.ActiveCfg = Debug|Any CPU
		{6EFF5FBB-C78B-451F-8EA3-781F1AABE0A5}.Debug|Any CPU.Build.0 = Debug|Any CPU
		{6EFF5FBB-C78B-451F-8EA3-781F1AABE0A5}.Release|Any CPU.ActiveCfg = Release|Any CPU
		{6EFF5FBB-C78B-451F-8EA3-781F1AABE0A5}.Release|Any CPU.Build.0 = Release|Any CPU
		{5B354CC0-A345-473D-8D1C-B3A5318F8A19}.Debug|Any CPU.ActiveCfg = Debug|Any CPU
		{5B354CC0-A345-473D-8D1C-B3A5318F8A19}.Debug|Any CPU.Build.0 = Debug|Any CPU
		{5B354CC0-A345-473D-8D1C-B3A5318F8A19}.Release|Any CPU.ActiveCfg = Release|Any CPU
		{5B354CC0-A345-473D-8D1C-B3A5318F8A19}.Release|Any CPU.Build.0 = Release|Any CPU
		{FE5BB209-5980-4083-A8CF-8E5AAE9A937A}.Debug|Any CPU.ActiveCfg = Debug|Any CPU
		{FE5BB209-5980-4083-A8CF-8E5AAE9A937A}.Debug|Any CPU.Build.0 = Debug|Any CPU
		{FE5BB209-5980-4083-A8CF-8E5AAE9A937A}.Release|Any CPU.ActiveCfg = Release|Any CPU
		{FE5BB209-5980-4083-A8CF-8E5AAE9A937A}.Release|Any CPU.Build.0 = Release|Any CPU
		{587139AE-5E83-478C-99AA-7EE07FAFE2C4}.Debug|Any CPU.ActiveCfg = Debug|Any CPU
		{587139AE-5E83-478C-99AA-7EE07FAFE2C4}.Debug|Any CPU.Build.0 = Debug|Any CPU
		{587139AE-5E83-478C-99AA-7EE07FAFE2C4}.Release|Any CPU.ActiveCfg = Release|Any CPU
		{587139AE-5E83-478C-99AA-7EE07FAFE2C4}.Release|Any CPU.Build.0 = Release|Any CPU
		{6F76C305-371E-43BC-A725-7AE3059FF82E}.Debug|Any CPU.ActiveCfg = Debug|Any CPU
		{6F76C305-371E-43BC-A725-7AE3059FF82E}.Debug|Any CPU.Build.0 = Debug|Any CPU
		{6F76C305-371E-43BC-A725-7AE3059FF82E}.Release|Any CPU.ActiveCfg = Release|Any CPU
		{6F76C305-371E-43BC-A725-7AE3059FF82E}.Release|Any CPU.Build.0 = Release|Any CPU
		{F260B6D8-13DF-4598-846F-4F745271B7DD}.Debug|Any CPU.ActiveCfg = Debug|Any CPU
		{F260B6D8-13DF-4598-846F-4F745271B7DD}.Debug|Any CPU.Build.0 = Debug|Any CPU
		{F260B6D8-13DF-4598-846F-4F745271B7DD}.Release|Any CPU.ActiveCfg = Release|Any CPU
		{F260B6D8-13DF-4598-846F-4F745271B7DD}.Release|Any CPU.Build.0 = Release|Any CPU
		{DD44E559-8759-4F57-A3CC-33FEBAB4B173}.Debug|Any CPU.ActiveCfg = Debug|Any CPU
		{DD44E559-8759-4F57-A3CC-33FEBAB4B173}.Debug|Any CPU.Build.0 = Debug|Any CPU
		{DD44E559-8759-4F57-A3CC-33FEBAB4B173}.Release|Any CPU.ActiveCfg = Release|Any CPU
		{DD44E559-8759-4F57-A3CC-33FEBAB4B173}.Release|Any CPU.Build.0 = Release|Any CPU
		{8DAD3B8B-10FC-44DA-97CC-0FFDDFFEB813}.Debug|Any CPU.ActiveCfg = Debug|Any CPU
		{8DAD3B8B-10FC-44DA-97CC-0FFDDFFEB813}.Debug|Any CPU.Build.0 = Debug|Any CPU
		{8DAD3B8B-10FC-44DA-97CC-0FFDDFFEB813}.Release|Any CPU.ActiveCfg = Release|Any CPU
		{8DAD3B8B-10FC-44DA-97CC-0FFDDFFEB813}.Release|Any CPU.Build.0 = Release|Any CPU
		{31FD7380-09A7-447C-A3E3-7BF90359C0AD}.Debug|Any CPU.ActiveCfg = Debug|Any CPU
		{31FD7380-09A7-447C-A3E3-7BF90359C0AD}.Debug|Any CPU.Build.0 = Debug|Any CPU
		{31FD7380-09A7-447C-A3E3-7BF90359C0AD}.Release|Any CPU.ActiveCfg = Release|Any CPU
		{31FD7380-09A7-447C-A3E3-7BF90359C0AD}.Release|Any CPU.Build.0 = Release|Any CPU
		{019A72DE-2002-4299-AC68-B69D4E3BC1F7}.Debug|Any CPU.ActiveCfg = Debug|Any CPU
		{019A72DE-2002-4299-AC68-B69D4E3BC1F7}.Debug|Any CPU.Build.0 = Debug|Any CPU
		{019A72DE-2002-4299-AC68-B69D4E3BC1F7}.Release|Any CPU.ActiveCfg = Release|Any CPU
		{019A72DE-2002-4299-AC68-B69D4E3BC1F7}.Release|Any CPU.Build.0 = Release|Any CPU
		{8830FAF5-96AB-4BFA-8E45-D7A5AEC94467}.Debug|Any CPU.ActiveCfg = Debug|Any CPU
		{8830FAF5-96AB-4BFA-8E45-D7A5AEC94467}.Debug|Any CPU.Build.0 = Debug|Any CPU
		{8830FAF5-96AB-4BFA-8E45-D7A5AEC94467}.Release|Any CPU.ActiveCfg = Release|Any CPU
		{8830FAF5-96AB-4BFA-8E45-D7A5AEC94467}.Release|Any CPU.Build.0 = Release|Any CPU
		{F353FBF8-BBF4-4681-9B54-85D4EAD991EA}.Debug|Any CPU.ActiveCfg = Debug|Any CPU
		{F353FBF8-BBF4-4681-9B54-85D4EAD991EA}.Debug|Any CPU.Build.0 = Debug|Any CPU
		{F353FBF8-BBF4-4681-9B54-85D4EAD991EA}.Release|Any CPU.ActiveCfg = Release|Any CPU
		{F353FBF8-BBF4-4681-9B54-85D4EAD991EA}.Release|Any CPU.Build.0 = Release|Any CPU
		{047E51C0-206C-45D6-A853-CC5A1E64D88D}.Debug|Any CPU.ActiveCfg = Debug|Any CPU
		{047E51C0-206C-45D6-A853-CC5A1E64D88D}.Debug|Any CPU.Build.0 = Debug|Any CPU
		{047E51C0-206C-45D6-A853-CC5A1E64D88D}.Release|Any CPU.ActiveCfg = Release|Any CPU
		{047E51C0-206C-45D6-A853-CC5A1E64D88D}.Release|Any CPU.Build.0 = Release|Any CPU
		{B693F36B-1B5F-498A-8B09-FFBCC146F112}.Debug|Any CPU.ActiveCfg = Debug|Any CPU
		{B693F36B-1B5F-498A-8B09-FFBCC146F112}.Debug|Any CPU.Build.0 = Debug|Any CPU
		{B693F36B-1B5F-498A-8B09-FFBCC146F112}.Release|Any CPU.ActiveCfg = Release|Any CPU
		{B693F36B-1B5F-498A-8B09-FFBCC146F112}.Release|Any CPU.Build.0 = Release|Any CPU
		{CB5BAAF7-BEEA-4135-ACE8-F6053DCEB758}.Debug|Any CPU.ActiveCfg = Debug|Any CPU
		{CB5BAAF7-BEEA-4135-ACE8-F6053DCEB758}.Debug|Any CPU.Build.0 = Debug|Any CPU
		{CB5BAAF7-BEEA-4135-ACE8-F6053DCEB758}.Release|Any CPU.ActiveCfg = Release|Any CPU
		{CB5BAAF7-BEEA-4135-ACE8-F6053DCEB758}.Release|Any CPU.Build.0 = Release|Any CPU
		{4BB8D2E5-A3FB-437B-87FF-D985D8941B8A}.Debug|Any CPU.ActiveCfg = Debug|Any CPU
		{4BB8D2E5-A3FB-437B-87FF-D985D8941B8A}.Debug|Any CPU.Build.0 = Debug|Any CPU
		{4BB8D2E5-A3FB-437B-87FF-D985D8941B8A}.Release|Any CPU.ActiveCfg = Release|Any CPU
		{4BB8D2E5-A3FB-437B-87FF-D985D8941B8A}.Release|Any CPU.Build.0 = Release|Any CPU
		{5B75F8F8-755C-4808-9AED-630355C7432F}.Debug|Any CPU.ActiveCfg = Debug|Any CPU
		{5B75F8F8-755C-4808-9AED-630355C7432F}.Debug|Any CPU.Build.0 = Debug|Any CPU
		{5B75F8F8-755C-4808-9AED-630355C7432F}.Release|Any CPU.ActiveCfg = Release|Any CPU
		{5B75F8F8-755C-4808-9AED-630355C7432F}.Release|Any CPU.Build.0 = Release|Any CPU
		{2B664A1E-EAB9-4707-9408-54F35B7DB9FD}.Debug|Any CPU.ActiveCfg = Debug|Any CPU
		{2B664A1E-EAB9-4707-9408-54F35B7DB9FD}.Debug|Any CPU.Build.0 = Debug|Any CPU
		{2B664A1E-EAB9-4707-9408-54F35B7DB9FD}.Release|Any CPU.ActiveCfg = Release|Any CPU
		{2B664A1E-EAB9-4707-9408-54F35B7DB9FD}.Release|Any CPU.Build.0 = Release|Any CPU
		{C16A6BB0-63DD-402F-93DE-EB2E26348E0B}.Debug|Any CPU.ActiveCfg = Debug|Any CPU
		{C16A6BB0-63DD-402F-93DE-EB2E26348E0B}.Debug|Any CPU.Build.0 = Debug|Any CPU
		{C16A6BB0-63DD-402F-93DE-EB2E26348E0B}.Release|Any CPU.ActiveCfg = Release|Any CPU
		{C16A6BB0-63DD-402F-93DE-EB2E26348E0B}.Release|Any CPU.Build.0 = Release|Any CPU
		{8B8DB3A1-D9B8-43D2-BCF8-537A621A14BC}.Debug|Any CPU.ActiveCfg = Debug|Any CPU
		{8B8DB3A1-D9B8-43D2-BCF8-537A621A14BC}.Debug|Any CPU.Build.0 = Debug|Any CPU
		{8B8DB3A1-D9B8-43D2-BCF8-537A621A14BC}.Release|Any CPU.ActiveCfg = Release|Any CPU
		{8B8DB3A1-D9B8-43D2-BCF8-537A621A14BC}.Release|Any CPU.Build.0 = Release|Any CPU
		{5C2AD4DA-6B1B-4D96-999E-47B027362D8B}.Debug|Any CPU.ActiveCfg = Debug|Any CPU
		{5C2AD4DA-6B1B-4D96-999E-47B027362D8B}.Debug|Any CPU.Build.0 = Debug|Any CPU
		{5C2AD4DA-6B1B-4D96-999E-47B027362D8B}.Release|Any CPU.ActiveCfg = Release|Any CPU
		{5C2AD4DA-6B1B-4D96-999E-47B027362D8B}.Release|Any CPU.Build.0 = Release|Any CPU
		{BC5B730B-5336-4306-A5CE-57F2542D0365}.Debug|Any CPU.ActiveCfg = Debug|Any CPU
		{BC5B730B-5336-4306-A5CE-57F2542D0365}.Debug|Any CPU.Build.0 = Debug|Any CPU
		{BC5B730B-5336-4306-A5CE-57F2542D0365}.Release|Any CPU.ActiveCfg = Release|Any CPU
		{BC5B730B-5336-4306-A5CE-57F2542D0365}.Release|Any CPU.Build.0 = Release|Any CPU
		{A508501A-E3B7-4F98-BEFD-37BF6E1B345D}.Debug|Any CPU.ActiveCfg = Debug|Any CPU
		{A508501A-E3B7-4F98-BEFD-37BF6E1B345D}.Debug|Any CPU.Build.0 = Debug|Any CPU
		{A508501A-E3B7-4F98-BEFD-37BF6E1B345D}.Release|Any CPU.ActiveCfg = Release|Any CPU
		{A508501A-E3B7-4F98-BEFD-37BF6E1B345D}.Release|Any CPU.Build.0 = Release|Any CPU
		{3B8660BC-65EF-4C8D-8B00-8A89076472AF}.Debug|Any CPU.ActiveCfg = Debug|Any CPU
		{3B8660BC-65EF-4C8D-8B00-8A89076472AF}.Debug|Any CPU.Build.0 = Debug|Any CPU
		{3B8660BC-65EF-4C8D-8B00-8A89076472AF}.Release|Any CPU.ActiveCfg = Release|Any CPU
		{3B8660BC-65EF-4C8D-8B00-8A89076472AF}.Release|Any CPU.Build.0 = Release|Any CPU
		{BD661B57-53FD-46D5-9C57-858535E8B8F8}.Debug|Any CPU.ActiveCfg = Debug|Any CPU
		{BD661B57-53FD-46D5-9C57-858535E8B8F8}.Debug|Any CPU.Build.0 = Debug|Any CPU
		{BD661B57-53FD-46D5-9C57-858535E8B8F8}.Release|Any CPU.ActiveCfg = Release|Any CPU
		{BD661B57-53FD-46D5-9C57-858535E8B8F8}.Release|Any CPU.Build.0 = Release|Any CPU
		{5C7D225E-2A01-4714-B352-C94F61ADE7A9}.Debug|Any CPU.ActiveCfg = Debug|Any CPU
		{5C7D225E-2A01-4714-B352-C94F61ADE7A9}.Debug|Any CPU.Build.0 = Debug|Any CPU
		{5C7D225E-2A01-4714-B352-C94F61ADE7A9}.Release|Any CPU.ActiveCfg = Release|Any CPU
		{5C7D225E-2A01-4714-B352-C94F61ADE7A9}.Release|Any CPU.Build.0 = Release|Any CPU
		{2A39A36F-A719-4255-BC6E-0EDBC6A09C6F}.Debug|Any CPU.ActiveCfg = Debug|Any CPU
		{2A39A36F-A719-4255-BC6E-0EDBC6A09C6F}.Debug|Any CPU.Build.0 = Debug|Any CPU
		{2A39A36F-A719-4255-BC6E-0EDBC6A09C6F}.Release|Any CPU.ActiveCfg = Release|Any CPU
		{2A39A36F-A719-4255-BC6E-0EDBC6A09C6F}.Release|Any CPU.Build.0 = Release|Any CPU
		{3A4B19A2-7405-42F1-BA77-1BCD4F6D9CD5}.Debug|Any CPU.ActiveCfg = Debug|Any CPU
		{3A4B19A2-7405-42F1-BA77-1BCD4F6D9CD5}.Debug|Any CPU.Build.0 = Debug|Any CPU
		{3A4B19A2-7405-42F1-BA77-1BCD4F6D9CD5}.Release|Any CPU.ActiveCfg = Release|Any CPU
		{3A4B19A2-7405-42F1-BA77-1BCD4F6D9CD5}.Release|Any CPU.Build.0 = Release|Any CPU
		{FA4D1E9F-D6C4-45BE-90D7-8268C95123C3}.Debug|Any CPU.ActiveCfg = Debug|Any CPU
		{FA4D1E9F-D6C4-45BE-90D7-8268C95123C3}.Debug|Any CPU.Build.0 = Debug|Any CPU
		{FA4D1E9F-D6C4-45BE-90D7-8268C95123C3}.Release|Any CPU.ActiveCfg = Release|Any CPU
		{FA4D1E9F-D6C4-45BE-90D7-8268C95123C3}.Release|Any CPU.Build.0 = Release|Any CPU
		{AAC8A192-11BB-4C26-8FAE-74421588E652}.Debug|Any CPU.ActiveCfg = Debug|Any CPU
		{AAC8A192-11BB-4C26-8FAE-74421588E652}.Debug|Any CPU.Build.0 = Debug|Any CPU
		{AAC8A192-11BB-4C26-8FAE-74421588E652}.Release|Any CPU.ActiveCfg = Release|Any CPU
		{AAC8A192-11BB-4C26-8FAE-74421588E652}.Release|Any CPU.Build.0 = Release|Any CPU
		{6622AF21-9555-45F2-B26F-03CE854E1AD2}.Debug|Any CPU.ActiveCfg = Debug|Any CPU
		{6622AF21-9555-45F2-B26F-03CE854E1AD2}.Debug|Any CPU.Build.0 = Debug|Any CPU
		{6622AF21-9555-45F2-B26F-03CE854E1AD2}.Release|Any CPU.ActiveCfg = Release|Any CPU
		{6622AF21-9555-45F2-B26F-03CE854E1AD2}.Release|Any CPU.Build.0 = Release|Any CPU
		{D95A40E5-04A3-4755-89A9-8F09B56199AA}.Debug|Any CPU.ActiveCfg = Debug|Any CPU
		{D95A40E5-04A3-4755-89A9-8F09B56199AA}.Debug|Any CPU.Build.0 = Debug|Any CPU
		{D95A40E5-04A3-4755-89A9-8F09B56199AA}.Release|Any CPU.ActiveCfg = Release|Any CPU
		{D95A40E5-04A3-4755-89A9-8F09B56199AA}.Release|Any CPU.Build.0 = Release|Any CPU
		{46FD81DF-BB9E-4F5D-82DC-6C5791877883}.Debug|Any CPU.ActiveCfg = Debug|Any CPU
		{46FD81DF-BB9E-4F5D-82DC-6C5791877883}.Debug|Any CPU.Build.0 = Debug|Any CPU
		{46FD81DF-BB9E-4F5D-82DC-6C5791877883}.Release|Any CPU.ActiveCfg = Release|Any CPU
		{46FD81DF-BB9E-4F5D-82DC-6C5791877883}.Release|Any CPU.Build.0 = Release|Any CPU
		{C6C4D7C0-0B98-4010-B097-C5B104F5879C}.Debug|Any CPU.ActiveCfg = Debug|Any CPU
		{C6C4D7C0-0B98-4010-B097-C5B104F5879C}.Debug|Any CPU.Build.0 = Debug|Any CPU
		{C6C4D7C0-0B98-4010-B097-C5B104F5879C}.Release|Any CPU.ActiveCfg = Release|Any CPU
		{C6C4D7C0-0B98-4010-B097-C5B104F5879C}.Release|Any CPU.Build.0 = Release|Any CPU
		{1106176A-BD7A-4D32-9CE9-A53651F5DEE3}.Debug|Any CPU.ActiveCfg = Debug|Any CPU
		{1106176A-BD7A-4D32-9CE9-A53651F5DEE3}.Debug|Any CPU.Build.0 = Debug|Any CPU
		{1106176A-BD7A-4D32-9CE9-A53651F5DEE3}.Release|Any CPU.ActiveCfg = Release|Any CPU
		{1106176A-BD7A-4D32-9CE9-A53651F5DEE3}.Release|Any CPU.Build.0 = Release|Any CPU
		{6E4D3CD6-EAD7-4FBD-9D6B-74D6947C99AD}.Debug|Any CPU.ActiveCfg = Debug|Any CPU
		{6E4D3CD6-EAD7-4FBD-9D6B-74D6947C99AD}.Debug|Any CPU.Build.0 = Debug|Any CPU
		{6E4D3CD6-EAD7-4FBD-9D6B-74D6947C99AD}.Release|Any CPU.ActiveCfg = Release|Any CPU
		{6E4D3CD6-EAD7-4FBD-9D6B-74D6947C99AD}.Release|Any CPU.Build.0 = Release|Any CPU
		{9E3A1080-E8B5-46C6-B063-3BEEE3A62D4D}.Debug|Any CPU.ActiveCfg = Debug|Any CPU
		{9E3A1080-E8B5-46C6-B063-3BEEE3A62D4D}.Debug|Any CPU.Build.0 = Debug|Any CPU
		{9E3A1080-E8B5-46C6-B063-3BEEE3A62D4D}.Release|Any CPU.ActiveCfg = Release|Any CPU
		{9E3A1080-E8B5-46C6-B063-3BEEE3A62D4D}.Release|Any CPU.Build.0 = Release|Any CPU
		{46716CCF-DCC8-4DF1-8E12-A1AB0A937A80}.Debug|Any CPU.ActiveCfg = Debug|Any CPU
		{46716CCF-DCC8-4DF1-8E12-A1AB0A937A80}.Debug|Any CPU.Build.0 = Debug|Any CPU
		{46716CCF-DCC8-4DF1-8E12-A1AB0A937A80}.Release|Any CPU.ActiveCfg = Release|Any CPU
		{46716CCF-DCC8-4DF1-8E12-A1AB0A937A80}.Release|Any CPU.Build.0 = Release|Any CPU
		{E3377221-9C3F-4F97-9326-7BE6B6F33073}.Debug|Any CPU.ActiveCfg = Debug|Any CPU
		{E3377221-9C3F-4F97-9326-7BE6B6F33073}.Debug|Any CPU.Build.0 = Debug|Any CPU
		{E3377221-9C3F-4F97-9326-7BE6B6F33073}.Release|Any CPU.ActiveCfg = Release|Any CPU
		{E3377221-9C3F-4F97-9326-7BE6B6F33073}.Release|Any CPU.Build.0 = Release|Any CPU
		{4B9047D2-CD20-46D6-8203-4C36125CB1CD}.Debug|Any CPU.ActiveCfg = Debug|Any CPU
		{4B9047D2-CD20-46D6-8203-4C36125CB1CD}.Debug|Any CPU.Build.0 = Debug|Any CPU
		{4B9047D2-CD20-46D6-8203-4C36125CB1CD}.Release|Any CPU.ActiveCfg = Release|Any CPU
		{4B9047D2-CD20-46D6-8203-4C36125CB1CD}.Release|Any CPU.Build.0 = Release|Any CPU
		{D6F9316B-E0C0-4596-84C9-D6E7137E5A44}.Debug|Any CPU.ActiveCfg = Debug|Any CPU
		{D6F9316B-E0C0-4596-84C9-D6E7137E5A44}.Debug|Any CPU.Build.0 = Debug|Any CPU
		{D6F9316B-E0C0-4596-84C9-D6E7137E5A44}.Release|Any CPU.ActiveCfg = Release|Any CPU
		{D6F9316B-E0C0-4596-84C9-D6E7137E5A44}.Release|Any CPU.Build.0 = Release|Any CPU
	EndGlobalSection
	GlobalSection(SolutionProperties) = preSolution
		HideSolutionNode = FALSE
	EndGlobalSection
	GlobalSection(NestedProjects) = preSolution
		{F018A49F-3F8A-41CB-9DCD-94F3A9F5A941} = {574805D8-65CD-44CA-AD0C-F3FA774761CE}
		{2A232186-ECD5-4F7B-BC69-78EFBA50EAD2} = {574805D8-65CD-44CA-AD0C-F3FA774761CE}
		{FFAB83C4-0C6D-4B5B-9AEF-1F26D5C58844} = {F018A49F-3F8A-41CB-9DCD-94F3A9F5A941}
		{4A2097E3-F2BE-4DF5-8EA7-7772A80C7903} = {F018A49F-3F8A-41CB-9DCD-94F3A9F5A941}
		{E84511A7-8CB9-4CB6-BD7D-5CEE6D9286C3} = {F018A49F-3F8A-41CB-9DCD-94F3A9F5A941}
		{222E1BBB-3539-41FF-8DC1-0F2F91EBFA1B} = {F018A49F-3F8A-41CB-9DCD-94F3A9F5A941}
		{C502F008-BDC2-4250-BB38-E8AF53AB1770} = {F018A49F-3F8A-41CB-9DCD-94F3A9F5A941}
		{9D51FBBE-2977-4F75-9AB6-EA7DD1A948BA} = {F018A49F-3F8A-41CB-9DCD-94F3A9F5A941}
		{1E6F01BD-E9D9-4FFF-9598-000A0ED69419} = {F018A49F-3F8A-41CB-9DCD-94F3A9F5A941}
		{7CDEB058-9FA6-4323-867A-7A9C55A1BA3F} = {F018A49F-3F8A-41CB-9DCD-94F3A9F5A941}
		{039F725E-7704-44A6-BD23-E92269851A52} = {2A232186-ECD5-4F7B-BC69-78EFBA50EAD2}
		{AE2C8A60-6C8F-44D5-BF38-E117D0E94F40} = {2A232186-ECD5-4F7B-BC69-78EFBA50EAD2}
		{9DF3E5E4-2E2C-41C1-8F06-7DD78A47637E} = {2A232186-ECD5-4F7B-BC69-78EFBA50EAD2}
		{517C8919-942E-4A9C-8A36-A401447EEFDB} = {2A232186-ECD5-4F7B-BC69-78EFBA50EAD2}
		{62852487-48EF-410E-8259-45DF1F1DC81C} = {2A232186-ECD5-4F7B-BC69-78EFBA50EAD2}
		{6EFF5FBB-C78B-451F-8EA3-781F1AABE0A5} = {2A232186-ECD5-4F7B-BC69-78EFBA50EAD2}
		{5B354CC0-A345-473D-8D1C-B3A5318F8A19} = {2A232186-ECD5-4F7B-BC69-78EFBA50EAD2}
		{FE5BB209-5980-4083-A8CF-8E5AAE9A937A} = {2A232186-ECD5-4F7B-BC69-78EFBA50EAD2}
		{587139AE-5E83-478C-99AA-7EE07FAFE2C4} = {2A232186-ECD5-4F7B-BC69-78EFBA50EAD2}
		{6F76C305-371E-43BC-A725-7AE3059FF82E} = {10569B74-1FF9-4FB3-9A27-F2AC10D0C6CF}
		{F260B6D8-13DF-4598-846F-4F745271B7DD} = {10569B74-1FF9-4FB3-9A27-F2AC10D0C6CF}
		{DD44E559-8759-4F57-A3CC-33FEBAB4B173} = {10569B74-1FF9-4FB3-9A27-F2AC10D0C6CF}
		{8DAD3B8B-10FC-44DA-97CC-0FFDDFFEB813} = {10569B74-1FF9-4FB3-9A27-F2AC10D0C6CF}
		{31FD7380-09A7-447C-A3E3-7BF90359C0AD} = {10569B74-1FF9-4FB3-9A27-F2AC10D0C6CF}
		{019A72DE-2002-4299-AC68-B69D4E3BC1F7} = {10569B74-1FF9-4FB3-9A27-F2AC10D0C6CF}
		{10569B74-1FF9-4FB3-9A27-F2AC10D0C6CF} = {03DD2007-2752-4CD3-8DEB-D7BE6605C1F4}
		{843371E8-179A-48E5-8489-3CE8710A3E3F} = {03DD2007-2752-4CD3-8DEB-D7BE6605C1F4}
		{8830FAF5-96AB-4BFA-8E45-D7A5AEC94467} = {843371E8-179A-48E5-8489-3CE8710A3E3F}
		{F353FBF8-BBF4-4681-9B54-85D4EAD991EA} = {843371E8-179A-48E5-8489-3CE8710A3E3F}
		{047E51C0-206C-45D6-A853-CC5A1E64D88D} = {843371E8-179A-48E5-8489-3CE8710A3E3F}
		{B693F36B-1B5F-498A-8B09-FFBCC146F112} = {843371E8-179A-48E5-8489-3CE8710A3E3F}
		{CB5BAAF7-BEEA-4135-ACE8-F6053DCEB758} = {843371E8-179A-48E5-8489-3CE8710A3E3F}
		{4BB8D2E5-A3FB-437B-87FF-D985D8941B8A} = {843371E8-179A-48E5-8489-3CE8710A3E3F}
		{855805E3-44F3-4E0A-85B7-2C1EA1128496} = {6A0620AF-5D06-4FC1-9757-DC2BBFA248EF}
		{D9B9FC03-46D0-4306-8CA3-34066A3EE11F} = {6A0620AF-5D06-4FC1-9757-DC2BBFA248EF}
		{5B75F8F8-755C-4808-9AED-630355C7432F} = {855805E3-44F3-4E0A-85B7-2C1EA1128496}
		{2B664A1E-EAB9-4707-9408-54F35B7DB9FD} = {855805E3-44F3-4E0A-85B7-2C1EA1128496}
		{C16A6BB0-63DD-402F-93DE-EB2E26348E0B} = {855805E3-44F3-4E0A-85B7-2C1EA1128496}
		{8B8DB3A1-D9B8-43D2-BCF8-537A621A14BC} = {855805E3-44F3-4E0A-85B7-2C1EA1128496}
		{5C2AD4DA-6B1B-4D96-999E-47B027362D8B} = {855805E3-44F3-4E0A-85B7-2C1EA1128496}
		{BC5B730B-5336-4306-A5CE-57F2542D0365} = {D9B9FC03-46D0-4306-8CA3-34066A3EE11F}
		{90E7BFD6-3D3B-4EF5-B646-A428B3E5AC5D} = {52449E4E-6BFA-437F-9F15-B6C82B2AA0F7}
		{A508501A-E3B7-4F98-BEFD-37BF6E1B345D} = {90E7BFD6-3D3B-4EF5-B646-A428B3E5AC5D}
		{3B8660BC-65EF-4C8D-8B00-8A89076472AF} = {90E7BFD6-3D3B-4EF5-B646-A428B3E5AC5D}
		{4E344F18-88FE-4DEF-8257-CF16C30129BA} = {52449E4E-6BFA-437F-9F15-B6C82B2AA0F7}
		{BD661B57-53FD-46D5-9C57-858535E8B8F8} = {4E344F18-88FE-4DEF-8257-CF16C30129BA}
		{5C7D225E-2A01-4714-B352-C94F61ADE7A9} = {4E344F18-88FE-4DEF-8257-CF16C30129BA}
		{2A39A36F-A719-4255-BC6E-0EDBC6A09C6F} = {4E344F18-88FE-4DEF-8257-CF16C30129BA}
		{59F11DF3-4D6D-4B6D-AB44-09852A9668B1} = {52449E4E-6BFA-437F-9F15-B6C82B2AA0F7}
		{3A4B19A2-7405-42F1-BA77-1BCD4F6D9CD5} = {59F11DF3-4D6D-4B6D-AB44-09852A9668B1}
		{FA4D1E9F-D6C4-45BE-90D7-8268C95123C3} = {59F11DF3-4D6D-4B6D-AB44-09852A9668B1}
		{AAC8A192-11BB-4C26-8FAE-74421588E652} = {59F11DF3-4D6D-4B6D-AB44-09852A9668B1}
		{E404CF19-C080-43BB-A9F1-956C70CC7173} = {52449E4E-6BFA-437F-9F15-B6C82B2AA0F7}
		{6622AF21-9555-45F2-B26F-03CE854E1AD2} = {E404CF19-C080-43BB-A9F1-956C70CC7173}
		{D95A40E5-04A3-4755-89A9-8F09B56199AA} = {E404CF19-C080-43BB-A9F1-956C70CC7173}
		{46FD81DF-BB9E-4F5D-82DC-6C5791877883} = {E404CF19-C080-43BB-A9F1-956C70CC7173}
		{2E72CC06-67A9-433D-9894-C955242E914A} = {52449E4E-6BFA-437F-9F15-B6C82B2AA0F7}
		{C6C4D7C0-0B98-4010-B097-C5B104F5879C} = {2E72CC06-67A9-433D-9894-C955242E914A}
		{1106176A-BD7A-4D32-9CE9-A53651F5DEE3} = {2E72CC06-67A9-433D-9894-C955242E914A}
		{6E4D3CD6-EAD7-4FBD-9D6B-74D6947C99AD} = {2E72CC06-67A9-433D-9894-C955242E914A}
		{3F312B98-D6E5-4EFE-9386-DACF5DED2A63} = {52449E4E-6BFA-437F-9F15-B6C82B2AA0F7}
		{9E3A1080-E8B5-46C6-B063-3BEEE3A62D4D} = {3F312B98-D6E5-4EFE-9386-DACF5DED2A63}
		{46716CCF-DCC8-4DF1-8E12-A1AB0A937A80} = {3F312B98-D6E5-4EFE-9386-DACF5DED2A63}
		{E3377221-9C3F-4F97-9326-7BE6B6F33073} = {3F312B98-D6E5-4EFE-9386-DACF5DED2A63}
		{735D93E3-2580-4031-ACA9-848F029ECB6D} = {52449E4E-6BFA-437F-9F15-B6C82B2AA0F7}
		{4B9047D2-CD20-46D6-8203-4C36125CB1CD} = {735D93E3-2580-4031-ACA9-848F029ECB6D}
		{D6F9316B-E0C0-4596-84C9-D6E7137E5A44} = {735D93E3-2580-4031-ACA9-848F029ECB6D}
	EndGlobalSection
	GlobalSection(ExtensibilityGlobals) = postSolution
		SolutionGuid = {23CA0A17-0A83-48C5-A510-3041321027DB}
	EndGlobalSection
EndGlobal
