
Microsoft Visual Studio Solution File, Format Version 12.00
# Visual Studio Version 17
VisualStudioVersion = 17.7.34024.191
MinimumVisualStudioVersion = 10.0.40219.1
Project("{FAE04EC0-301F-11D3-BF4B-00C04F79EFBC}") = "12 - Exercise Functional Programming", "12 - Exercise Functional Programming\12 - Exercise Functional Programming.csproj", "{A745446B-5C0D-47C4-AFFD-9068688F3807}"
EndProject
Project("{2150E333-8FDC-42A3-9474-1A3956D46DE8}") = "Lab", "Lab", "{3511BF59-5FB0-4C00-9449-BE415AA5DBB7}"
EndProject
Project("{FAE04EC0-301F-11D3-BF4B-00C04F79EFBC}") = "01.SortEvenNumbers", "01.SortEvenNumbers\01.SortEvenNumbers.csproj", "{B67DCAD8-B8CF-4E63-8AF3-00461ABEB57E}"
EndProject
Project("{FAE04EC0-301F-11D3-BF4B-00C04F79EFBC}") = "02.SumNumbers", "02.SumNumbers\02.SumNumbers.csproj", "{962F1339-300D-4E16-9ED1-7B21E370AAF5}"
EndProject
Project("{FAE04EC0-301F-11D3-BF4B-00C04F79EFBC}") = "03.CountUppercaseWords", "03.CountUppercaseWords\03.CountUppercaseWords.csproj", "{F0FE6747-2977-411D-AF2F-E6C7170F3404}"
EndProject
Global
	GlobalSection(SolutionConfigurationPlatforms) = preSolution
		Debug|Any CPU = Debug|Any CPU
		Release|Any CPU = Release|Any CPU
	EndGlobalSection
	GlobalSection(ProjectConfigurationPlatforms) = postSolution
		{A745446B-5C0D-47C4-AFFD-9068688F3807}.Debug|Any CPU.ActiveCfg = Debug|Any CPU
		{A745446B-5C0D-47C4-AFFD-9068688F3807}.Debug|Any CPU.Build.0 = Debug|Any CPU
		{A745446B-5C0D-47C4-AFFD-9068688F3807}.Release|Any CPU.ActiveCfg = Release|Any CPU
		{A745446B-5C0D-47C4-AFFD-9068688F3807}.Release|Any CPU.Build.0 = Release|Any CPU
		{B67DCAD8-B8CF-4E63-8AF3-00461ABEB57E}.Debug|Any CPU.ActiveCfg = Debug|Any CPU
		{B67DCAD8-B8CF-4E63-8AF3-00461ABEB57E}.Debug|Any CPU.Build.0 = Debug|Any CPU
		{B67DCAD8-B8CF-4E63-8AF3-00461ABEB57E}.Release|Any CPU.ActiveCfg = Release|Any CPU
		{B67DCAD8-B8CF-4E63-8AF3-00461ABEB57E}.Release|Any CPU.Build.0 = Release|Any CPU
		{962F1339-300D-4E16-9ED1-7B21E370AAF5}.Debug|Any CPU.ActiveCfg = Debug|Any CPU
		{962F1339-300D-4E16-9ED1-7B21E370AAF5}.Debug|Any CPU.Build.0 = Debug|Any CPU
		{962F1339-300D-4E16-9ED1-7B21E370AAF5}.Release|Any CPU.ActiveCfg = Release|Any CPU
		{962F1339-300D-4E16-9ED1-7B21E370AAF5}.Release|Any CPU.Build.0 = Release|Any CPU
		{F0FE6747-2977-411D-AF2F-E6C7170F3404}.Debug|Any CPU.ActiveCfg = Debug|Any CPU
		{F0FE6747-2977-411D-AF2F-E6C7170F3404}.Debug|Any CPU.Build.0 = Debug|Any CPU
		{F0FE6747-2977-411D-AF2F-E6C7170F3404}.Release|Any CPU.ActiveCfg = Release|Any CPU
		{F0FE6747-2977-411D-AF2F-E6C7170F3404}.Release|Any CPU.Build.0 = Release|Any CPU
	EndGlobalSection
	GlobalSection(SolutionProperties) = preSolution
		HideSolutionNode = FALSE
	EndGlobalSection
	GlobalSection(NestedProjects) = preSolution
		{B67DCAD8-B8CF-4E63-8AF3-00461ABEB57E} = {3511BF59-5FB0-4C00-9449-BE415AA5DBB7}
		{962F1339-300D-4E16-9ED1-7B21E370AAF5} = {3511BF59-5FB0-4C00-9449-BE415AA5DBB7}
		{F0FE6747-2977-411D-AF2F-E6C7170F3404} = {3511BF59-5FB0-4C00-9449-BE415AA5DBB7}
	EndGlobalSection
	GlobalSection(ExtensibilityGlobals) = postSolution
		SolutionGuid = {1C21E3A1-D8BE-441D-8B21-39605FF8C812}
	EndGlobalSection
EndGlobal
