
Microsoft Visual Studio Solution File, Format Version 12.00
# Visual Studio Version 17
VisualStudioVersion = 17.7.34024.191
MinimumVisualStudioVersion = 10.0.40219.1
Project("{9A19103F-16F7-4668-BE54-9A1E7A4F7556}") = "12 - Exercise Functional Programming", "12 - Exercise Functional Programming\12 - Exercise Functional Programming.csproj", "{A745446B-5C0D-47C4-AFFD-9068688F3807}"
EndProject
Project("{2150E333-8FDC-42A3-9474-1A3956D46DE8}") = "Lab", "Lab", "{3511BF59-5FB0-4C00-9449-BE415AA5DBB7}"
EndProject
Project("{9A19103F-16F7-4668-BE54-9A1E7A4F7556}") = "01.SortEvenNumbers", "01.SortEvenNumbers\01.SortEvenNumbers.csproj", "{B67DCAD8-B8CF-4E63-8AF3-00461ABEB57E}"
EndProject
Project("{9A19103F-16F7-4668-BE54-9A1E7A4F7556}") = "02.SumNumbers", "02.SumNumbers\02.SumNumbers.csproj", "{962F1339-300D-4E16-9ED1-7B21E370AAF5}"
EndProject
Project("{9A19103F-16F7-4668-BE54-9A1E7A4F7556}") = "03.CountUppercaseWords", "03.CountUppercaseWords\03.CountUppercaseWords.csproj", "{F0FE6747-2977-411D-AF2F-E6C7170F3404}"
EndProject
Project("{9A19103F-16F7-4668-BE54-9A1E7A4F7556}") = "04.AddVAT", "04.AddVAT\04.AddVAT.csproj", "{F01CD103-E834-43D0-9EBA-ECE51F8E5777}"
EndProject
Project("{9A19103F-16F7-4668-BE54-9A1E7A4F7556}") = "05.FilterByAge", "05.FilterByAge\05.FilterByAge.csproj", "{53CFD97D-B898-4184-A09A-D8CBF366CA35}"
EndProject
Project("{2150E333-8FDC-42A3-9474-1A3956D46DE8}") = "Exercise", "Exercise", "{A57A2181-A257-4DD6-9613-34B97CEDA102}"
EndProject
Project("{9A19103F-16F7-4668-BE54-9A1E7A4F7556}") = "01.ActionPoint", "01.ActionPoint\01.ActionPoint.csproj", "{8F166EF1-63B4-49C9-8C9E-08E2111DDE26}"
EndProject
Project("{9A19103F-16F7-4668-BE54-9A1E7A4F7556}") = "02.KnightsOfHonor", "02.KnightsOfHonor\02.KnightsOfHonor.csproj", "{5DD356F1-8945-47DE-BCA4-1A77CF2BCE9D}"
EndProject
Project("{9A19103F-16F7-4668-BE54-9A1E7A4F7556}") = "03.CustomMinFunction", "03.CustomMinFunction\03.CustomMinFunction.csproj", "{F2FA93DF-B1F5-45A1-9E00-561538099BED}"
EndProject
Project("{9A19103F-16F7-4668-BE54-9A1E7A4F7556}") = "04.FindEvensOrOdds", "04.FindEvensOrOdds\04.FindEvensOrOdds.csproj", "{525415E3-EF21-45AE-ADD5-D0DD2F30A9F3}"
EndProject
Project("{FAE04EC0-301F-11D3-BF4B-00C04F79EFBC}") = "05.AppliedArithmetics", "05.AppliedArithmetics\05.AppliedArithmetics.csproj", "{2740B087-872D-4DAC-B5EB-27404A366277}"
EndProject
Global
	GlobalSection(SolutionConfigurationPlatforms) = preSolution
		Debug|Any CPU = Debug|Any CPU
		Release|Any CPU = Release|Any CPU
	EndGlobalSection
	GlobalSection(ProjectConfigurationPlatforms) = postSolution
		{A745446B-5C0D-47C4-AFFD-9068688F3807}.Debug|Any CPU.ActiveCfg = Debug|Any CPU
		{A745446B-5C0D-47C4-AFFD-9068688F3807}.Debug|Any CPU.Build.0 = Debug|Any CPU
		{A745446B-5C0D-47C4-AFFD-9068688F3807}.Release|Any CPU.ActiveCfg = Release|Any CPU
		{A745446B-5C0D-47C4-AFFD-9068688F3807}.Release|Any CPU.Build.0 = Release|Any CPU
		{B67DCAD8-B8CF-4E63-8AF3-00461ABEB57E}.Debug|Any CPU.ActiveCfg = Debug|Any CPU
		{B67DCAD8-B8CF-4E63-8AF3-00461ABEB57E}.Debug|Any CPU.Build.0 = Debug|Any CPU
		{B67DCAD8-B8CF-4E63-8AF3-00461ABEB57E}.Release|Any CPU.ActiveCfg = Release|Any CPU
		{B67DCAD8-B8CF-4E63-8AF3-00461ABEB57E}.Release|Any CPU.Build.0 = Release|Any CPU
		{962F1339-300D-4E16-9ED1-7B21E370AAF5}.Debug|Any CPU.ActiveCfg = Debug|Any CPU
		{962F1339-300D-4E16-9ED1-7B21E370AAF5}.Debug|Any CPU.Build.0 = Debug|Any CPU
		{962F1339-300D-4E16-9ED1-7B21E370AAF5}.Release|Any CPU.ActiveCfg = Release|Any CPU
		{962F1339-300D-4E16-9ED1-7B21E370AAF5}.Release|Any CPU.Build.0 = Release|Any CPU
		{F0FE6747-2977-411D-AF2F-E6C7170F3404}.Debug|Any CPU.ActiveCfg = Debug|Any CPU
		{F0FE6747-2977-411D-AF2F-E6C7170F3404}.Debug|Any CPU.Build.0 = Debug|Any CPU
		{F0FE6747-2977-411D-AF2F-E6C7170F3404}.Release|Any CPU.ActiveCfg = Release|Any CPU
		{F0FE6747-2977-411D-AF2F-E6C7170F3404}.Release|Any CPU.Build.0 = Release|Any CPU
		{F01CD103-E834-43D0-9EBA-ECE51F8E5777}.Debug|Any CPU.ActiveCfg = Debug|Any CPU
		{F01CD103-E834-43D0-9EBA-ECE51F8E5777}.Debug|Any CPU.Build.0 = Debug|Any CPU
		{F01CD103-E834-43D0-9EBA-ECE51F8E5777}.Release|Any CPU.ActiveCfg = Release|Any CPU
		{F01CD103-E834-43D0-9EBA-ECE51F8E5777}.Release|Any CPU.Build.0 = Release|Any CPU
		{53CFD97D-B898-4184-A09A-D8CBF366CA35}.Debug|Any CPU.ActiveCfg = Debug|Any CPU
		{53CFD97D-B898-4184-A09A-D8CBF366CA35}.Debug|Any CPU.Build.0 = Debug|Any CPU
		{53CFD97D-B898-4184-A09A-D8CBF366CA35}.Release|Any CPU.ActiveCfg = Release|Any CPU
		{53CFD97D-B898-4184-A09A-D8CBF366CA35}.Release|Any CPU.Build.0 = Release|Any CPU
		{8F166EF1-63B4-49C9-8C9E-08E2111DDE26}.Debug|Any CPU.ActiveCfg = Debug|Any CPU
		{8F166EF1-63B4-49C9-8C9E-08E2111DDE26}.Debug|Any CPU.Build.0 = Debug|Any CPU
		{8F166EF1-63B4-49C9-8C9E-08E2111DDE26}.Release|Any CPU.ActiveCfg = Release|Any CPU
		{8F166EF1-63B4-49C9-8C9E-08E2111DDE26}.Release|Any CPU.Build.0 = Release|Any CPU
		{5DD356F1-8945-47DE-BCA4-1A77CF2BCE9D}.Debug|Any CPU.ActiveCfg = Debug|Any CPU
		{5DD356F1-8945-47DE-BCA4-1A77CF2BCE9D}.Debug|Any CPU.Build.0 = Debug|Any CPU
		{5DD356F1-8945-47DE-BCA4-1A77CF2BCE9D}.Release|Any CPU.ActiveCfg = Release|Any CPU
		{5DD356F1-8945-47DE-BCA4-1A77CF2BCE9D}.Release|Any CPU.Build.0 = Release|Any CPU
		{F2FA93DF-B1F5-45A1-9E00-561538099BED}.Debug|Any CPU.ActiveCfg = Debug|Any CPU
		{F2FA93DF-B1F5-45A1-9E00-561538099BED}.Debug|Any CPU.Build.0 = Debug|Any CPU
		{F2FA93DF-B1F5-45A1-9E00-561538099BED}.Release|Any CPU.ActiveCfg = Release|Any CPU
		{F2FA93DF-B1F5-45A1-9E00-561538099BED}.Release|Any CPU.Build.0 = Release|Any CPU
		{525415E3-EF21-45AE-ADD5-D0DD2F30A9F3}.Debug|Any CPU.ActiveCfg = Debug|Any CPU
		{525415E3-EF21-45AE-ADD5-D0DD2F30A9F3}.Debug|Any CPU.Build.0 = Debug|Any CPU
		{525415E3-EF21-45AE-ADD5-D0DD2F30A9F3}.Release|Any CPU.ActiveCfg = Release|Any CPU
		{525415E3-EF21-45AE-ADD5-D0DD2F30A9F3}.Release|Any CPU.Build.0 = Release|Any CPU
		{2740B087-872D-4DAC-B5EB-27404A366277}.Debug|Any CPU.ActiveCfg = Debug|Any CPU
		{2740B087-872D-4DAC-B5EB-27404A366277}.Debug|Any CPU.Build.0 = Debug|Any CPU
		{2740B087-872D-4DAC-B5EB-27404A366277}.Release|Any CPU.ActiveCfg = Release|Any CPU
		{2740B087-872D-4DAC-B5EB-27404A366277}.Release|Any CPU.Build.0 = Release|Any CPU
	EndGlobalSection
	GlobalSection(SolutionProperties) = preSolution
		HideSolutionNode = FALSE
	EndGlobalSection
	GlobalSection(NestedProjects) = preSolution
		{B67DCAD8-B8CF-4E63-8AF3-00461ABEB57E} = {3511BF59-5FB0-4C00-9449-BE415AA5DBB7}
		{962F1339-300D-4E16-9ED1-7B21E370AAF5} = {3511BF59-5FB0-4C00-9449-BE415AA5DBB7}
		{F0FE6747-2977-411D-AF2F-E6C7170F3404} = {3511BF59-5FB0-4C00-9449-BE415AA5DBB7}
		{F01CD103-E834-43D0-9EBA-ECE51F8E5777} = {3511BF59-5FB0-4C00-9449-BE415AA5DBB7}
		{53CFD97D-B898-4184-A09A-D8CBF366CA35} = {3511BF59-5FB0-4C00-9449-BE415AA5DBB7}
		{8F166EF1-63B4-49C9-8C9E-08E2111DDE26} = {A57A2181-A257-4DD6-9613-34B97CEDA102}
		{5DD356F1-8945-47DE-BCA4-1A77CF2BCE9D} = {A57A2181-A257-4DD6-9613-34B97CEDA102}
		{F2FA93DF-B1F5-45A1-9E00-561538099BED} = {A57A2181-A257-4DD6-9613-34B97CEDA102}
		{525415E3-EF21-45AE-ADD5-D0DD2F30A9F3} = {A57A2181-A257-4DD6-9613-34B97CEDA102}
		{2740B087-872D-4DAC-B5EB-27404A366277} = {A57A2181-A257-4DD6-9613-34B97CEDA102}
	EndGlobalSection
	GlobalSection(ExtensibilityGlobals) = postSolution
		SolutionGuid = {1C21E3A1-D8BE-441D-8B21-39605FF8C812}
	EndGlobalSection
EndGlobal
