
Microsoft Visual Studio Solution File, Format Version 12.00
# Visual Studio Version 17
VisualStudioVersion = 17.7.34024.191
MinimumVisualStudioVersion = 10.0.40219.1
Project("{9A19103F-16F7-4668-BE54-9A1E7A4F7556}") = "Exercise - Multidimensional Arrays", "Exercise - Multidimensional Arrays\Exercise - Multidimensional Arrays.csproj", "{AE380A82-BABE-442B-938F-11FF8C6E3CDD}"
EndProject
Project("{2150E333-8FDC-42A3-9474-1A3956D46DE8}") = "Lab", "Lab", "{2601B5DF-FC33-4492-842F-AC769F09A356}"
EndProject
Project("{9A19103F-16F7-4668-BE54-9A1E7A4F7556}") = "1. Sum Matrix Elements", "1. Sum Matrix Elements\1. Sum Matrix Elements.csproj", "{F32F4451-7037-4A80-84D5-260C74CCA568}"
EndProject
Project("{9A19103F-16F7-4668-BE54-9A1E7A4F7556}") = "2. Sum Matrix Columns", "2. Sum Matrix Columns\2. Sum Matrix Columns.csproj", "{57E466C3-CA10-4135-954D-25E3CF1C06B0}"
EndProject
Project("{9A19103F-16F7-4668-BE54-9A1E7A4F7556}") = "3. Primary Diagonal", "3. Primary Diagonal\3. Primary Diagonal.csproj", "{7021E24E-5FE8-4454-8701-4B6E5F6EA7BF}"
EndProject
Project("{9A19103F-16F7-4668-BE54-9A1E7A4F7556}") = "4. Symbol in Matrix", "4. Symbol in Matrix\4. Symbol in Matrix.csproj", "{BB948A19-05F7-4437-8FA1-D33B5974D63D}"
EndProject
Project("{9A19103F-16F7-4668-BE54-9A1E7A4F7556}") = "5. Square With Maximum Sum", "5. Square With Maximum Sum\5. Square With Maximum Sum.csproj", "{9CC39D7B-78E2-462E-B9F2-91E4B3BDF676}"
EndProject
Project("{9A19103F-16F7-4668-BE54-9A1E7A4F7556}") = "6. Jagged-Array Modification", "6. Jagged-Array Modification\6. Jagged-Array Modification.csproj", "{2CCCB121-5FBB-4894-B6BD-D555D76BDB07}"
EndProject
Project("{2150E333-8FDC-42A3-9474-1A3956D46DE8}") = "Exercise", "Exercise", "{301ABD6F-1EE5-480B-996C-B912AA771C96}"
EndProject
Project("{9A19103F-16F7-4668-BE54-9A1E7A4F7556}") = "1. Diagonal Difference", "1. Diagonal Difference\1. Diagonal Difference.csproj", "{7B6F463E-6076-46E3-BF7F-602F98552873}"
EndProject
Project("{9A19103F-16F7-4668-BE54-9A1E7A4F7556}") = "2. Squares in Matrix", "2. Squares in Matrix\2. Squares in Matrix.csproj", "{61FCF577-824E-4059-9A32-B0145CF17A54}"
EndProject
Project("{9A19103F-16F7-4668-BE54-9A1E7A4F7556}") = "3. Maximal Sum", "3. Maximal Sum\3. Maximal Sum.csproj", "{2EC93A6E-7477-4D15-92E9-CF2FE4311146}"
EndProject
Project("{9A19103F-16F7-4668-BE54-9A1E7A4F7556}") = "4. Matrix Shuffling80", "4. Matrix Shuffling\4. Matrix Shuffling80.csproj", "{9FC79420-B2ED-47C7-A9E8-D24E3C642588}"
EndProject
Project("{9A19103F-16F7-4668-BE54-9A1E7A4F7556}") = "5. Snake Moves", "5. Snake Moves\5. Snake Moves.csproj", "{0DBF8C67-4E06-4158-9B41-442FB903103D}"
EndProject
Project("{9A19103F-16F7-4668-BE54-9A1E7A4F7556}") = "6. Jagged Array Manipulator", "6. Jagged Array Manipulator\6. Jagged Array Manipulator.csproj", "{5406F45F-4802-450E-83A5-72ABDE9E4DBD}"
EndProject
Project("{9A19103F-16F7-4668-BE54-9A1E7A4F7556}") = "7. Knight Game", "7. Knight Game\7. Knight Game.csproj", "{05B7A3BF-3C1F-4D9A-B178-80C95E6FDF6A}"
EndProject
Global
	GlobalSection(SolutionConfigurationPlatforms) = preSolution
		Debug|Any CPU = Debug|Any CPU
		Release|Any CPU = Release|Any CPU
	EndGlobalSection
	GlobalSection(ProjectConfigurationPlatforms) = postSolution
		{AE380A82-BABE-442B-938F-11FF8C6E3CDD}.Debug|Any CPU.ActiveCfg = Debug|Any CPU
		{AE380A82-BABE-442B-938F-11FF8C6E3CDD}.Debug|Any CPU.Build.0 = Debug|Any CPU
		{AE380A82-BABE-442B-938F-11FF8C6E3CDD}.Release|Any CPU.ActiveCfg = Release|Any CPU
		{AE380A82-BABE-442B-938F-11FF8C6E3CDD}.Release|Any CPU.Build.0 = Release|Any CPU
		{F32F4451-7037-4A80-84D5-260C74CCA568}.Debug|Any CPU.ActiveCfg = Debug|Any CPU
		{F32F4451-7037-4A80-84D5-260C74CCA568}.Debug|Any CPU.Build.0 = Debug|Any CPU
		{F32F4451-7037-4A80-84D5-260C74CCA568}.Release|Any CPU.ActiveCfg = Release|Any CPU
		{F32F4451-7037-4A80-84D5-260C74CCA568}.Release|Any CPU.Build.0 = Release|Any CPU
		{57E466C3-CA10-4135-954D-25E3CF1C06B0}.Debug|Any CPU.ActiveCfg = Debug|Any CPU
		{57E466C3-CA10-4135-954D-25E3CF1C06B0}.Debug|Any CPU.Build.0 = Debug|Any CPU
		{57E466C3-CA10-4135-954D-25E3CF1C06B0}.Release|Any CPU.ActiveCfg = Release|Any CPU
		{57E466C3-CA10-4135-954D-25E3CF1C06B0}.Release|Any CPU.Build.0 = Release|Any CPU
		{7021E24E-5FE8-4454-8701-4B6E5F6EA7BF}.Debug|Any CPU.ActiveCfg = Debug|Any CPU
		{7021E24E-5FE8-4454-8701-4B6E5F6EA7BF}.Debug|Any CPU.Build.0 = Debug|Any CPU
		{7021E24E-5FE8-4454-8701-4B6E5F6EA7BF}.Release|Any CPU.ActiveCfg = Release|Any CPU
		{7021E24E-5FE8-4454-8701-4B6E5F6EA7BF}.Release|Any CPU.Build.0 = Release|Any CPU
		{BB948A19-05F7-4437-8FA1-D33B5974D63D}.Debug|Any CPU.ActiveCfg = Debug|Any CPU
		{BB948A19-05F7-4437-8FA1-D33B5974D63D}.Debug|Any CPU.Build.0 = Debug|Any CPU
		{BB948A19-05F7-4437-8FA1-D33B5974D63D}.Release|Any CPU.ActiveCfg = Release|Any CPU
		{BB948A19-05F7-4437-8FA1-D33B5974D63D}.Release|Any CPU.Build.0 = Release|Any CPU
		{9CC39D7B-78E2-462E-B9F2-91E4B3BDF676}.Debug|Any CPU.ActiveCfg = Debug|Any CPU
		{9CC39D7B-78E2-462E-B9F2-91E4B3BDF676}.Debug|Any CPU.Build.0 = Debug|Any CPU
		{9CC39D7B-78E2-462E-B9F2-91E4B3BDF676}.Release|Any CPU.ActiveCfg = Release|Any CPU
		{9CC39D7B-78E2-462E-B9F2-91E4B3BDF676}.Release|Any CPU.Build.0 = Release|Any CPU
		{2CCCB121-5FBB-4894-B6BD-D555D76BDB07}.Debug|Any CPU.ActiveCfg = Debug|Any CPU
		{2CCCB121-5FBB-4894-B6BD-D555D76BDB07}.Debug|Any CPU.Build.0 = Debug|Any CPU
		{2CCCB121-5FBB-4894-B6BD-D555D76BDB07}.Release|Any CPU.ActiveCfg = Release|Any CPU
		{2CCCB121-5FBB-4894-B6BD-D555D76BDB07}.Release|Any CPU.Build.0 = Release|Any CPU
		{7B6F463E-6076-46E3-BF7F-602F98552873}.Debug|Any CPU.ActiveCfg = Debug|Any CPU
		{7B6F463E-6076-46E3-BF7F-602F98552873}.Debug|Any CPU.Build.0 = Debug|Any CPU
		{7B6F463E-6076-46E3-BF7F-602F98552873}.Release|Any CPU.ActiveCfg = Release|Any CPU
		{7B6F463E-6076-46E3-BF7F-602F98552873}.Release|Any CPU.Build.0 = Release|Any CPU
		{61FCF577-824E-4059-9A32-B0145CF17A54}.Debug|Any CPU.ActiveCfg = Debug|Any CPU
		{61FCF577-824E-4059-9A32-B0145CF17A54}.Debug|Any CPU.Build.0 = Debug|Any CPU
		{61FCF577-824E-4059-9A32-B0145CF17A54}.Release|Any CPU.ActiveCfg = Release|Any CPU
		{61FCF577-824E-4059-9A32-B0145CF17A54}.Release|Any CPU.Build.0 = Release|Any CPU
		{2EC93A6E-7477-4D15-92E9-CF2FE4311146}.Debug|Any CPU.ActiveCfg = Debug|Any CPU
		{2EC93A6E-7477-4D15-92E9-CF2FE4311146}.Debug|Any CPU.Build.0 = Debug|Any CPU
		{2EC93A6E-7477-4D15-92E9-CF2FE4311146}.Release|Any CPU.ActiveCfg = Release|Any CPU
		{2EC93A6E-7477-4D15-92E9-CF2FE4311146}.Release|Any CPU.Build.0 = Release|Any CPU
		{9FC79420-B2ED-47C7-A9E8-D24E3C642588}.Debug|Any CPU.ActiveCfg = Debug|Any CPU
		{9FC79420-B2ED-47C7-A9E8-D24E3C642588}.Debug|Any CPU.Build.0 = Debug|Any CPU
		{9FC79420-B2ED-47C7-A9E8-D24E3C642588}.Release|Any CPU.ActiveCfg = Release|Any CPU
		{9FC79420-B2ED-47C7-A9E8-D24E3C642588}.Release|Any CPU.Build.0 = Release|Any CPU
		{0DBF8C67-4E06-4158-9B41-442FB903103D}.Debug|Any CPU.ActiveCfg = Debug|Any CPU
		{0DBF8C67-4E06-4158-9B41-442FB903103D}.Debug|Any CPU.Build.0 = Debug|Any CPU
		{0DBF8C67-4E06-4158-9B41-442FB903103D}.Release|Any CPU.ActiveCfg = Release|Any CPU
		{0DBF8C67-4E06-4158-9B41-442FB903103D}.Release|Any CPU.Build.0 = Release|Any CPU
		{5406F45F-4802-450E-83A5-72ABDE9E4DBD}.Debug|Any CPU.ActiveCfg = Debug|Any CPU
		{5406F45F-4802-450E-83A5-72ABDE9E4DBD}.Debug|Any CPU.Build.0 = Debug|Any CPU
		{5406F45F-4802-450E-83A5-72ABDE9E4DBD}.Release|Any CPU.ActiveCfg = Release|Any CPU
		{5406F45F-4802-450E-83A5-72ABDE9E4DBD}.Release|Any CPU.Build.0 = Release|Any CPU
		{05B7A3BF-3C1F-4D9A-B178-80C95E6FDF6A}.Debug|Any CPU.ActiveCfg = Debug|Any CPU
		{05B7A3BF-3C1F-4D9A-B178-80C95E6FDF6A}.Debug|Any CPU.Build.0 = Debug|Any CPU
		{05B7A3BF-3C1F-4D9A-B178-80C95E6FDF6A}.Release|Any CPU.ActiveCfg = Release|Any CPU
		{05B7A3BF-3C1F-4D9A-B178-80C95E6FDF6A}.Release|Any CPU.Build.0 = Release|Any CPU
	EndGlobalSection
	GlobalSection(SolutionProperties) = preSolution
		HideSolutionNode = FALSE
	EndGlobalSection
	GlobalSection(NestedProjects) = preSolution
		{F32F4451-7037-4A80-84D5-260C74CCA568} = {2601B5DF-FC33-4492-842F-AC769F09A356}
		{57E466C3-CA10-4135-954D-25E3CF1C06B0} = {2601B5DF-FC33-4492-842F-AC769F09A356}
		{7021E24E-5FE8-4454-8701-4B6E5F6EA7BF} = {2601B5DF-FC33-4492-842F-AC769F09A356}
		{BB948A19-05F7-4437-8FA1-D33B5974D63D} = {2601B5DF-FC33-4492-842F-AC769F09A356}
		{9CC39D7B-78E2-462E-B9F2-91E4B3BDF676} = {2601B5DF-FC33-4492-842F-AC769F09A356}
		{2CCCB121-5FBB-4894-B6BD-D555D76BDB07} = {2601B5DF-FC33-4492-842F-AC769F09A356}
		{7B6F463E-6076-46E3-BF7F-602F98552873} = {301ABD6F-1EE5-480B-996C-B912AA771C96}
		{61FCF577-824E-4059-9A32-B0145CF17A54} = {301ABD6F-1EE5-480B-996C-B912AA771C96}
		{2EC93A6E-7477-4D15-92E9-CF2FE4311146} = {301ABD6F-1EE5-480B-996C-B912AA771C96}
		{9FC79420-B2ED-47C7-A9E8-D24E3C642588} = {301ABD6F-1EE5-480B-996C-B912AA771C96}
		{0DBF8C67-4E06-4158-9B41-442FB903103D} = {301ABD6F-1EE5-480B-996C-B912AA771C96}
		{5406F45F-4802-450E-83A5-72ABDE9E4DBD} = {301ABD6F-1EE5-480B-996C-B912AA771C96}
		{05B7A3BF-3C1F-4D9A-B178-80C95E6FDF6A} = {301ABD6F-1EE5-480B-996C-B912AA771C96}
	EndGlobalSection
	GlobalSection(ExtensibilityGlobals) = postSolution
		SolutionGuid = {E9606C31-7EDA-443E-8271-94F9CC9579D6}
	EndGlobalSection
EndGlobal
