
Microsoft Visual Studio Solution File, Format Version 12.00
# Visual Studio Version 17
VisualStudioVersion = 17.7.34024.191
MinimumVisualStudioVersion = 10.0.40219.1
Project("{FAE04EC0-301F-11D3-BF4B-00C04F79EFBC}") = "08 - Exercise Sets and Dictionaries Advanced", "08 - Exercise Sets and Dictionaries Advanced\08 - Exercise Sets and Dictionaries Advanced.csproj", "{2CCC23A8-FFA1-423F-A2C2-0A191A41D8DF}"
EndProject
Project("{2150E333-8FDC-42A3-9474-1A3956D46DE8}") = "Lab", "Lab", "{42919692-A4D5-4B50-BE59-59A8F69A47FF}"
EndProject
Project("{FAE04EC0-301F-11D3-BF4B-00C04F79EFBC}") = "01.Count Same Values in Array", "01.Count Same Values in Array\01.Count Same Values in Array.csproj", "{DFFC8EF1-BDCA-4AB3-9B79-0CEBC7070425}"
EndProject
Global
	GlobalSection(SolutionConfigurationPlatforms) = preSolution
		Debug|Any CPU = Debug|Any CPU
		Release|Any CPU = Release|Any CPU
	EndGlobalSection
	GlobalSection(ProjectConfigurationPlatforms) = postSolution
		{2CCC23A8-FFA1-423F-A2C2-0A191A41D8DF}.Debug|Any CPU.ActiveCfg = Debug|Any CPU
		{2CCC23A8-FFA1-423F-A2C2-0A191A41D8DF}.Debug|Any CPU.Build.0 = Debug|Any CPU
		{2CCC23A8-FFA1-423F-A2C2-0A191A41D8DF}.Release|Any CPU.ActiveCfg = Release|Any CPU
		{2CCC23A8-FFA1-423F-A2C2-0A191A41D8DF}.Release|Any CPU.Build.0 = Release|Any CPU
		{DFFC8EF1-BDCA-4AB3-9B79-0CEBC7070425}.Debug|Any CPU.ActiveCfg = Debug|Any CPU
		{DFFC8EF1-BDCA-4AB3-9B79-0CEBC7070425}.Debug|Any CPU.Build.0 = Debug|Any CPU
		{DFFC8EF1-BDCA-4AB3-9B79-0CEBC7070425}.Release|Any CPU.ActiveCfg = Release|Any CPU
		{DFFC8EF1-BDCA-4AB3-9B79-0CEBC7070425}.Release|Any CPU.Build.0 = Release|Any CPU
	EndGlobalSection
	GlobalSection(SolutionProperties) = preSolution
		HideSolutionNode = FALSE
	EndGlobalSection
	GlobalSection(NestedProjects) = preSolution
		{DFFC8EF1-BDCA-4AB3-9B79-0CEBC7070425} = {42919692-A4D5-4B50-BE59-59A8F69A47FF}
	EndGlobalSection
	GlobalSection(ExtensibilityGlobals) = postSolution
		SolutionGuid = {7AC88280-CBEF-4B01-9B12-1255E565E4FE}
	EndGlobalSection
EndGlobal
