
Microsoft Visual Studio Solution File, Format Version 12.00
# Visual Studio Version 17
VisualStudioVersion = 17.7.34024.191
MinimumVisualStudioVersion = 10.0.40219.1
Project("{FAE04EC0-301F-11D3-BF4B-00C04F79EFBC}") = "02.Problem", "02.Problem\02.Problem.csproj", "{2AE89FE6-6541-4332-A6DC-1D4FD0330589}"
EndProject
Global
	GlobalSection(SolutionConfigurationPlatforms) = preSolution
		Debug|Any CPU = Debug|Any CPU
		Release|Any CPU = Release|Any CPU
	EndGlobalSection
	GlobalSection(ProjectConfigurationPlatforms) = postSolution
		{2AE89FE6-6541-4332-A6DC-1D4FD0330589}.Debug|Any CPU.ActiveCfg = Debug|Any CPU
		{2AE89FE6-6541-4332-A6DC-1D4FD0330589}.Debug|Any CPU.Build.0 = Debug|Any CPU
		{2AE89FE6-6541-4332-A6DC-1D4FD0330589}.Release|Any CPU.ActiveCfg = Release|Any CPU
		{2AE89FE6-6541-4332-A6DC-1D4FD0330589}.Release|Any CPU.Build.0 = Release|Any CPU
	EndGlobalSection
	GlobalSection(SolutionProperties) = preSolution
		HideSolutionNode = FALSE
	EndGlobalSection
	GlobalSection(ExtensibilityGlobals) = postSolution
		SolutionGuid = {CA818FB5-CAB8-4A84-8520-87BF11BBB839}
	EndGlobalSection
EndGlobal
